// !$*UTF8*$!
{
	archiveVersion = 1;
	classes = {
	};
	objectVersion = 46;
	objects = {

/* Begin PBXBuildFile section */
		254111D5DCBC34D7DA2C8861 /* libPods.a in Frameworks */ = {isa = PBXBuildFile; fileRef = 2B19B0A969F0E8282F99E45B /* libPods.a */; };
		363865E21A405A19005972F0 /* UIImage+LKTheme.m in Sources */ = {isa = PBXBuildFile; fileRef = 363865E11A405A19005972F0 /* UIImage+LKTheme.m */; };
		363865E41A40700D005972F0 /* LKThemeInfo.json in Resources */ = {isa = PBXBuildFile; fileRef = 363865E31A40700D005972F0 /* LKThemeInfo.json */; };
		363865E71A411544005972F0 /* UIView+LKTheme.m in Sources */ = {isa = PBXBuildFile; fileRef = 363865E61A411544005972F0 /* UIView+LKTheme.m */; };
		363865ED1A411A4B005972F0 /* NSObject+LKTheme.m in Sources */ = {isa = PBXBuildFile; fileRef = 363865EC1A411A4B005972F0 /* NSObject+LKTheme.m */; };
		364886431A3DC50D001E9A28 /* DQTabbarVC.m in Sources */ = {isa = PBXBuildFile; fileRef = 364886421A3DC50D001E9A28 /* DQTabbarVC.m */; };
		364886481A3DCA77001E9A28 /* DQAppInfo.m in Sources */ = {isa = PBXBuildFile; fileRef = 364886471A3DCA77001E9A28 /* DQAppInfo.m */; };
		364886501A3DCC0F001E9A28 /* channel.txt in Resources */ = {isa = PBXBuildFile; fileRef = 3648864C1A3DCC0F001E9A28 /* channel.txt */; };
		364886521A3DCC0F001E9A28 /* main.m in Sources */ = {isa = PBXBuildFile; fileRef = 3648864F1A3DCC0F001E9A28 /* main.m */; };
		364886561A3DD04A001E9A28 /* DQTextJokesVC.m in Sources */ = {isa = PBXBuildFile; fileRef = 364886541A3DD04A001E9A28 /* DQTextJokesVC.m */; };
		3648865F1A3DD3AF001E9A28 /* DQNetworkHelper.m in Sources */ = {isa = PBXBuildFile; fileRef = 3648865E1A3DD3AF001E9A28 /* DQNetworkHelper.m */; };
		364886621A3DDCE1001E9A28 /* DQJokesModel.m in Sources */ = {isa = PBXBuildFile; fileRef = 364886611A3DDCE1001E9A28 /* DQJokesModel.m */; };
		36520DAC1A400D1F00E3F95F /* all_bottom_bg.png in Resources */ = {isa = PBXBuildFile; fileRef = 36520DAB1A400D1F00E3F95F /* all_bottom_bg.png */; };
		36520DB11A4028D900E3F95F /* all_kuang_up.png in Resources */ = {isa = PBXBuildFile; fileRef = 36520DAD1A4028D900E3F95F /* all_kuang_up.png */; };
		36520DB21A4028D900E3F95F /* all_kuang_up@2x.png in Resources */ = {isa = PBXBuildFile; fileRef = 36520DAE1A4028D900E3F95F /* all_kuang_up@2x.png */; };
		36520DB31A4028D900E3F95F /* all_kuang.png in Resources */ = {isa = PBXBuildFile; fileRef = 36520DAF1A4028D900E3F95F /* all_kuang.png */; };
		36520DB41A4028D900E3F95F /* all_kuang@2x.png in Resources */ = {isa = PBXBuildFile; fileRef = 36520DB01A4028D900E3F95F /* all_kuang@2x.png */; };
		36520DB81A4051A700E3F95F /* DQSettingVC.m in Sources */ = {isa = PBXBuildFile; fileRef = 36520DB71A4051A700E3F95F /* DQSettingVC.m */; };
		365B61D31A5CB8F6004F98B6 /* ad_image_640_164.jpg in Resources */ = {isa = PBXBuildFile; fileRef = 365B61D21A5CB8F6004F98B6 /* ad_image_640_164.jpg */; };
		365B61F21A5CCA88004F98B6 /* SSKeychain.strings in Resources */ = {isa = PBXBuildFile; fileRef = 365B61EC1A5CCA88004F98B6 /* SSKeychain.strings */; };
		365B61F31A5CCA88004F98B6 /* SSKeychain.m in Sources */ = {isa = PBXBuildFile; fileRef = 365B61EF1A5CCA88004F98B6 /* SSKeychain.m */; };
		365B61F41A5CCA88004F98B6 /* SSKeychainQuery.m in Sources */ = {isa = PBXBuildFile; fileRef = 365B61F11A5CCA88004F98B6 /* SSKeychainQuery.m */; };
		365B61F71A5CCA91004F98B6 /* DQSendDeviceInfo.m in Sources */ = {isa = PBXBuildFile; fileRef = 365B61F61A5CCA91004F98B6 /* DQSendDeviceInfo.m */; };
		3671BD2A1A3D404D00033D54 /* LKWeakArray.m in Sources */ = {isa = PBXBuildFile; fileRef = 3671BD291A3D404D00033D54 /* LKWeakArray.m */; };
		3671BD2D1A3D412A00033D54 /* LKLanguageManager.m in Sources */ = {isa = PBXBuildFile; fileRef = 3671BD2C1A3D412A00033D54 /* LKLanguageManager.m */; };
		3671BD301A3D4A0F00033D54 /* LKSafeCategory.m in Sources */ = {isa = PBXBuildFile; fileRef = 3671BD2F1A3D4A0F00033D54 /* LKSafeCategory.m */; };
		3671BD331A3D7D8600033D54 /* LKThemeManager.m in Sources */ = {isa = PBXBuildFile; fileRef = 3671BD321A3D7D8600033D54 /* LKThemeManager.m */; };
		3671BD391A3D7E8200033D54 /* UIColor+LK.m in Sources */ = {isa = PBXBuildFile; fileRef = 3671BD381A3D7E8200033D54 /* UIColor+LK.m */; };
		36B58FC71A4E797500C9B538 /* NSURL+LK.m in Sources */ = {isa = PBXBuildFile; fileRef = 36B58FC61A4E797500C9B538 /* NSURL+LK.m */; };
		36BE9BA81A416B6200A1DE6A /* NSString+DQ.m in Sources */ = {isa = PBXBuildFile; fileRef = 36BE9BA71A416B6200A1DE6A /* NSString+DQ.m */; };
		36BE9BBC1A41789700A1DE6A /* NSObject+DragLoadSetup.m in Sources */ = {isa = PBXBuildFile; fileRef = 36BE9BAC1A41789700A1DE6A /* NSObject+DragLoadSetup.m */; };
		36BE9BBD1A41789700A1DE6A /* ComOpenThreadOTScreenshotHelperSwizzleHelper.m in Sources */ = {isa = PBXBuildFile; fileRef = 36BE9BAF1A41789700A1DE6A /* ComOpenThreadOTScreenshotHelperSwizzleHelper.m */; };
		36BE9BBE1A41789700A1DE6A /* DragTableFooterView_ot.m in Sources */ = {isa = PBXBuildFile; fileRef = 36BE9BB21A41789700A1DE6A /* DragTableFooterView_ot.m */; };
		36BE9BBF1A41789700A1DE6A /* DragTableGestureObserver_ot.m in Sources */ = {isa = PBXBuildFile; fileRef = 36BE9BB41A41789700A1DE6A /* DragTableGestureObserver_ot.m */; };
		36BE9BC01A41789700A1DE6A /* DragTableHeaderView_ot.m in Sources */ = {isa = PBXBuildFile; fileRef = 36BE9BB61A41789700A1DE6A /* DragTableHeaderView_ot.m */; };
		36BE9BC11A41789700A1DE6A /* UIScrollView+DragTableSafeAnimation.m in Sources */ = {isa = PBXBuildFile; fileRef = 36BE9BB81A41789700A1DE6A /* UIScrollView+DragTableSafeAnimation.m */; };
		36BE9BC21A41789700A1DE6A /* UITableView+DragLoad.m in Sources */ = {isa = PBXBuildFile; fileRef = 36BE9BBB1A41789700A1DE6A /* UITableView+DragLoad.m */; };
		36BE9BD61A4178AA00A1DE6A /* TOWebViewControllerLocalizable.strings in Resources */ = {isa = PBXBuildFile; fileRef = 36BE9BC51A4178AA00A1DE6A /* TOWebViewControllerLocalizable.strings */; };
		36BE9BD71A4178AA00A1DE6A /* TOActivityChrome.m in Sources */ = {isa = PBXBuildFile; fileRef = 36BE9BCD1A4178AA00A1DE6A /* TOActivityChrome.m */; };
		36BE9BD81A4178AA00A1DE6A /* TOActivitySafari.m in Sources */ = {isa = PBXBuildFile; fileRef = 36BE9BCF1A4178AA00A1DE6A /* TOActivitySafari.m */; };
		36BE9BD91A4178AA00A1DE6A /* TOWebViewController.m in Sources */ = {isa = PBXBuildFile; fileRef = 36BE9BD11A4178AA00A1DE6A /* TOWebViewController.m */; };
		36BE9BDA1A4178AA00A1DE6A /* UIImage+TOWebViewControllerIcons.m in Sources */ = {isa = PBXBuildFile; fileRef = 36BE9BD31A4178AA00A1DE6A /* UIImage+TOWebViewControllerIcons.m */; };
		36BE9C371A41A74300A1DE6A /* MBProgressHUD.m in Sources */ = {isa = PBXBuildFile; fileRef = 36BE9C361A41A74300A1DE6A /* MBProgressHUD.m */; };
		36BE9C861A41AAFF00A1DE6A /* MJPhoto.m in Sources */ = {isa = PBXBuildFile; fileRef = 36BE9C6E1A41AAFF00A1DE6A /* MJPhoto.m */; };
		36BE9C871A41AAFF00A1DE6A /* MJPhotoBrowser.bundle in Resources */ = {isa = PBXBuildFile; fileRef = 36BE9C6F1A41AAFF00A1DE6A /* MJPhotoBrowser.bundle */; };
		36BE9C881A41AAFF00A1DE6A /* MJPhotoBrowser.m in Sources */ = {isa = PBXBuildFile; fileRef = 36BE9C711A41AAFF00A1DE6A /* MJPhotoBrowser.m */; };
		36BE9C891A41AAFF00A1DE6A /* MJPhotoLoadingView.m in Sources */ = {isa = PBXBuildFile; fileRef = 36BE9C731A41AAFF00A1DE6A /* MJPhotoLoadingView.m */; };
		36BE9C8A1A41AAFF00A1DE6A /* MJPhotoProgressView.m in Sources */ = {isa = PBXBuildFile; fileRef = 36BE9C751A41AAFF00A1DE6A /* MJPhotoProgressView.m */; };
		36BE9C8B1A41AAFF00A1DE6A /* MJPhotoToolbar.m in Sources */ = {isa = PBXBuildFile; fileRef = 36BE9C771A41AAFF00A1DE6A /* MJPhotoToolbar.m */; };
		36BE9C8C1A41AAFF00A1DE6A /* MJPhotoView.m in Sources */ = {isa = PBXBuildFile; fileRef = 36BE9C791A41AAFF00A1DE6A /* MJPhotoView.m */; };
		36BE9C961A41AB4100A1DE6A /* SDWebImageManager+MJ.m in Sources */ = {isa = PBXBuildFile; fileRef = 36BE9C951A41AB4100A1DE6A /* SDWebImageManager+MJ.m */; };
		36BE9C991A41ABB000A1DE6A /* MBProgressHUD+Add.m in Sources */ = {isa = PBXBuildFile; fileRef = 36BE9C981A41ABB000A1DE6A /* MBProgressHUD+Add.m */; };
		36BE9CA01A41C19200A1DE6A /* KLSwitch.m in Sources */ = {isa = PBXBuildFile; fileRef = 36BE9C9C1A41C19200A1DE6A /* KLSwitch.m */; };
		36BE9CA11A41C19200A1DE6A /* lock-icon.png in Resources */ = {isa = PBXBuildFile; fileRef = 36BE9C9E1A41C19200A1DE6A /* lock-icon.png */; };
		36BE9CA21A41C19200A1DE6A /* lock-icon@2x.png in Resources */ = {isa = PBXBuildFile; fileRef = 36BE9C9F1A41C19200A1DE6A /* lock-icon@2x.png */; };
		36BE9CA41A41ED1800A1DE6A /* SystemConfiguration.framework in Frameworks */ = {isa = PBXBuildFile; fileRef = 36BE9CA31A41ED1800A1DE6A /* SystemConfiguration.framework */; };
		36BE9CA61A42654200A1DE6A /* _night in Resources */ = {isa = PBXBuildFile; fileRef = 36BE9CA51A42654200A1DE6A /* _night */; };
		36BE9CA81A4266C900A1DE6A /* all_top_bg.png in Resources */ = {isa = PBXBuildFile; fileRef = 36BE9CA71A4266C900A1DE6A /* all_top_bg.png */; };
		36BE9CB01A42700A00A1DE6A /* youmispot.a in Frameworks */ = {isa = PBXBuildFile; fileRef = 36BE9CAF1A42700A00A1DE6A /* youmispot.a */; };
		36BE9CB31A42863500A1DE6A /* jokes_cache_1.json in Resources */ = {isa = PBXBuildFile; fileRef = 36BE9CB11A42863500A1DE6A /* jokes_cache_1.json */; };
		36BE9CB41A42863500A1DE6A /* jokes_cache_2.json in Resources */ = {isa = PBXBuildFile; fileRef = 36BE9CB21A42863500A1DE6A /* jokes_cache_2.json */; };
		36BE9CB81A42893D00A1DE6A /* SYSSPasteboardView.m in Sources */ = {isa = PBXBuildFile; fileRef = 36BE9CB71A42893D00A1DE6A /* SYSSPasteboardView.m */; };
		36BE9CBC1A429E6600A1DE6A /* tabbar_setting@3x.png in Resources */ = {isa = PBXBuildFile; fileRef = 36BE9CBA1A429E6600A1DE6A /* tabbar_setting@3x.png */; };
		36BE9CBD1A429E6600A1DE6A /* tabbar_setting_up@3x.png in Resources */ = {isa = PBXBuildFile; fileRef = 36BE9CBB1A429E6600A1DE6A /* tabbar_setting_up@3x.png */; };
		36BE9CC21A429EDC00A1DE6A /* tabbar_setting_up.png in Resources */ = {isa = PBXBuildFile; fileRef = 36BE9CBE1A429EDC00A1DE6A /* tabbar_setting_up.png */; };
		36BE9CC31A429EDC00A1DE6A /* tabbar_setting_up@2x.png in Resources */ = {isa = PBXBuildFile; fileRef = 36BE9CBF1A429EDC00A1DE6A /* tabbar_setting_up@2x.png */; };
		36BE9CC41A429EDC00A1DE6A /* tabbar_setting.png in Resources */ = {isa = PBXBuildFile; fileRef = 36BE9CC01A429EDC00A1DE6A /* tabbar_setting.png */; };
		36BE9CC51A429EDC00A1DE6A /* tabbar_setting@2x.png in Resources */ = {isa = PBXBuildFile; fileRef = 36BE9CC11A429EDC00A1DE6A /* tabbar_setting@2x.png */; };
		36BE9CD21A42A3B600A1DE6A /* tabbar_picture_up.png in Resources */ = {isa = PBXBuildFile; fileRef = 36BE9CC61A42A3B600A1DE6A /* tabbar_picture_up.png */; };
		36BE9CD31A42A3B600A1DE6A /* tabbar_picture_up@2x.png in Resources */ = {isa = PBXBuildFile; fileRef = 36BE9CC71A42A3B600A1DE6A /* tabbar_picture_up@2x.png */; };
		36BE9CD41A42A3B600A1DE6A /* tabbar_picture_up@3x.png in Resources */ = {isa = PBXBuildFile; fileRef = 36BE9CC81A42A3B600A1DE6A /* tabbar_picture_up@3x.png */; };
		36BE9CD51A42A3B600A1DE6A /* tabbar_picture.png in Resources */ = {isa = PBXBuildFile; fileRef = 36BE9CC91A42A3B600A1DE6A /* tabbar_picture.png */; };
		36BE9CD61A42A3B600A1DE6A /* tabbar_picture@2x.png in Resources */ = {isa = PBXBuildFile; fileRef = 36BE9CCA1A42A3B600A1DE6A /* tabbar_picture@2x.png */; };
		36BE9CD71A42A3B600A1DE6A /* tabbar_picture@3x.png in Resources */ = {isa = PBXBuildFile; fileRef = 36BE9CCB1A42A3B600A1DE6A /* tabbar_picture@3x.png */; };
		36BE9CD81A42A3B600A1DE6A /* tabbar_text_up.png in Resources */ = {isa = PBXBuildFile; fileRef = 36BE9CCC1A42A3B600A1DE6A /* tabbar_text_up.png */; };
		36BE9CD91A42A3B600A1DE6A /* tabbar_text_up@2x.png in Resources */ = {isa = PBXBuildFile; fileRef = 36BE9CCD1A42A3B600A1DE6A /* tabbar_text_up@2x.png */; };
		36BE9CDA1A42A3B600A1DE6A /* tabbar_text_up@3x.png in Resources */ = {isa = PBXBuildFile; fileRef = 36BE9CCE1A42A3B600A1DE6A /* tabbar_text_up@3x.png */; };
		36BE9CDB1A42A3B600A1DE6A /* tabbar_text.png in Resources */ = {isa = PBXBuildFile; fileRef = 36BE9CCF1A42A3B600A1DE6A /* tabbar_text.png */; };
		36BE9CDC1A42A3B600A1DE6A /* tabbar_text@2x.png in Resources */ = {isa = PBXBuildFile; fileRef = 36BE9CD01A42A3B600A1DE6A /* tabbar_text@2x.png */; };
		36BE9CDD1A42A3B600A1DE6A /* tabbar_text@3x.png in Resources */ = {isa = PBXBuildFile; fileRef = 36BE9CD11A42A3B600A1DE6A /* tabbar_text@3x.png */; };
		36C3D4141A3EB1D40031978B /* YYJSONHelper.m in Sources */ = {isa = PBXBuildFile; fileRef = 36C3D4131A3EB1D40031978B /* YYJSONHelper.m */; };
		36C3D41A1A3EE87E0031978B /* DQTextJokesCell.m in Sources */ = {isa = PBXBuildFile; fileRef = 36C3D4191A3EE87E0031978B /* DQTextJokesCell.m */; };
		36C3D41E1A3F17350031978B /* all_lineone.png in Resources */ = {isa = PBXBuildFile; fileRef = 36C3D41C1A3F17350031978B /* all_lineone.png */; };
		36C3D41F1A3F17350031978B /* all_lineone@2x.png in Resources */ = {isa = PBXBuildFile; fileRef = 36C3D41D1A3F17350031978B /* all_lineone@2x.png */; };
		36C3D4231A3F17A10031978B /* UIView+DQ.m in Sources */ = {isa = PBXBuildFile; fileRef = 36C3D4221A3F17A10031978B /* UIView+DQ.m */; };
		36C3D4281A3FC8C10031978B /* all_bottom_bg@2x.png in Resources */ = {isa = PBXBuildFile; fileRef = 36C3D4261A3FC8C10031978B /* all_bottom_bg@2x.png */; };
		36C3D4291A3FC8C10031978B /* all_top_bg@2x.png in Resources */ = {isa = PBXBuildFile; fileRef = 36C3D4271A3FC8C10031978B /* all_top_bg@2x.png */; };
		36CB43E11A39EFAC00960DB4 /* AppDelegate.m in Sources */ = {isa = PBXBuildFile; fileRef = 36CB43E01A39EFAC00960DB4 /* AppDelegate.m */; };
		36CB43E91A39EFAC00960DB4 /* Images.xcassets in Resources */ = {isa = PBXBuildFile; fileRef = 36CB43E81A39EFAC00960DB4 /* Images.xcassets */; };
		36CB446B1A3AC7E700960DB4 /* NSData+LK.m in Sources */ = {isa = PBXBuildFile; fileRef = 36CB44491A3AC7E700960DB4 /* NSData+LK.m */; };
		36CB446C1A3AC7E700960DB4 /* NSFileManager+LK.m in Sources */ = {isa = PBXBuildFile; fileRef = 36CB444B1A3AC7E700960DB4 /* NSFileManager+LK.m */; };
		36CB446D1A3AC7E700960DB4 /* NSObject+LK.m in Sources */ = {isa = PBXBuildFile; fileRef = 36CB444D1A3AC7E700960DB4 /* NSObject+LK.m */; };
		36CB446E1A3AC7E700960DB4 /* NSString+LK.m in Sources */ = {isa = PBXBuildFile; fileRef = 36CB444F1A3AC7E700960DB4 /* NSString+LK.m */; };
		36CB44701A3AC7E700960DB4 /* UIButton+LK.m in Sources */ = {isa = PBXBuildFile; fileRef = 36CB44531A3AC7E700960DB4 /* UIButton+LK.m */; };
		36CB44711A3AC7E700960DB4 /* UIImage+LK.m in Sources */ = {isa = PBXBuildFile; fileRef = 36CB44551A3AC7E700960DB4 /* UIImage+LK.m */; };
		36CB44721A3AC7E700960DB4 /* UIImageView+LK.m in Sources */ = {isa = PBXBuildFile; fileRef = 36CB44571A3AC7E700960DB4 /* UIImageView+LK.m */; };
		36CB44731A3AC7E700960DB4 /* UIView+LK.m in Sources */ = {isa = PBXBuildFile; fileRef = 36CB44591A3AC7E700960DB4 /* UIView+LK.m */; };
		36CB44741A3AC7E700960DB4 /* UIViewController+LK.m in Sources */ = {isa = PBXBuildFile; fileRef = 36CB445B1A3AC7E700960DB4 /* UIViewController+LK.m */; };
		36CB44751A3AC7E700960DB4 /* UIWindow+LK.m in Sources */ = {isa = PBXBuildFile; fileRef = 36CB445D1A3AC7E700960DB4 /* UIWindow+LK.m */; };
		36CB44761A3AC7E700960DB4 /* OpenUDID.m in Sources */ = {isa = PBXBuildFile; fileRef = 36CB44611A3AC7E700960DB4 /* OpenUDID.m */; settings = {COMPILER_FLAGS = "-fno-objc-arc"; }; };
		36CB44771A3AC7E700960DB4 /* UIDevice-Hardware.m in Sources */ = {isa = PBXBuildFile; fileRef = 36CB44631A3AC7E700960DB4 /* UIDevice-Hardware.m */; };
		36CB44781A3AC7E700960DB4 /* LKBaseNavigationController.m in Sources */ = {isa = PBXBuildFile; fileRef = 36CB44661A3AC7E700960DB4 /* LKBaseNavigationController.m */; };
		36CB447A1A3AC7E700960DB4 /* LKBaseViewController.m in Sources */ = {isa = PBXBuildFile; fileRef = 36CB446A1A3AC7E700960DB4 /* LKBaseViewController.m */; };
		36CB447E1A3ADCFD00960DB4 /* UIView+Toast_LK.m in Sources */ = {isa = PBXBuildFile; fileRef = 36CB447D1A3ADCFD00960DB4 /* UIView+Toast_LK.m */; };
/* End PBXBuildFile section */

/* Begin PBXFileReference section */
		2B19B0A969F0E8282F99E45B /* libPods.a */ = {isa = PBXFileReference; explicitFileType = archive.ar; includeInIndex = 0; path = libPods.a; sourceTree = BUILT_PRODUCTS_DIR; };
		363865E01A405A19005972F0 /* UIImage+LKTheme.h */ = {isa = PBXFileReference; fileEncoding = 4; lastKnownFileType = sourcecode.c.h; path = "UIImage+LKTheme.h"; sourceTree = "<group>"; };
		363865E11A405A19005972F0 /* UIImage+LKTheme.m */ = {isa = PBXFileReference; fileEncoding = 4; lastKnownFileType = sourcecode.c.objc; path = "UIImage+LKTheme.m"; sourceTree = "<group>"; };
		363865E31A40700D005972F0 /* LKThemeInfo.json */ = {isa = PBXFileReference; fileEncoding = 4; lastKnownFileType = text.json; path = LKThemeInfo.json; sourceTree = "<group>"; };
		363865E51A411544005972F0 /* UIView+LKTheme.h */ = {isa = PBXFileReference; fileEncoding = 4; lastKnownFileType = sourcecode.c.h; path = "UIView+LKTheme.h"; sourceTree = "<group>"; };
		363865E61A411544005972F0 /* UIView+LKTheme.m */ = {isa = PBXFileReference; fileEncoding = 4; lastKnownFileType = sourcecode.c.objc; path = "UIView+LKTheme.m"; sourceTree = "<group>"; };
		363865EB1A411A4B005972F0 /* NSObject+LKTheme.h */ = {isa = PBXFileReference; fileEncoding = 4; lastKnownFileType = sourcecode.c.h; path = "NSObject+LKTheme.h"; sourceTree = "<group>"; };
		363865EC1A411A4B005972F0 /* NSObject+LKTheme.m */ = {isa = PBXFileReference; fileEncoding = 4; lastKnownFileType = sourcecode.c.objc; path = "NSObject+LKTheme.m"; sourceTree = "<group>"; };
		364886411A3DC50D001E9A28 /* DQTabbarVC.h */ = {isa = PBXFileReference; fileEncoding = 4; lastKnownFileType = sourcecode.c.h; path = DQTabbarVC.h; sourceTree = "<group>"; };
		364886421A3DC50D001E9A28 /* DQTabbarVC.m */ = {isa = PBXFileReference; fileEncoding = 4; lastKnownFileType = sourcecode.c.objc; path = DQTabbarVC.m; sourceTree = "<group>"; };
		364886451A3DC69C001E9A28 /* DQGlobalMacros.h */ = {isa = PBXFileReference; fileEncoding = 4; lastKnownFileType = sourcecode.c.h; path = DQGlobalMacros.h; sourceTree = "<group>"; };
		364886461A3DCA77001E9A28 /* DQAppInfo.h */ = {isa = PBXFileReference; fileEncoding = 4; lastKnownFileType = sourcecode.c.h; path = DQAppInfo.h; sourceTree = "<group>"; };
		364886471A3DCA77001E9A28 /* DQAppInfo.m */ = {isa = PBXFileReference; fileEncoding = 4; lastKnownFileType = sourcecode.c.objc; path = DQAppInfo.m; sourceTree = "<group>"; };
		3648864C1A3DCC0F001E9A28 /* channel.txt */ = {isa = PBXFileReference; fileEncoding = 4; lastKnownFileType = text; path = channel.txt; sourceTree = "<group>"; };
		3648864D1A3DCC0F001E9A28 /* DouQu-Prefix.pch */ = {isa = PBXFileReference; fileEncoding = 4; lastKnownFileType = sourcecode.c.h; path = "DouQu-Prefix.pch"; sourceTree = "<group>"; };
		3648864E1A3DCC0F001E9A28 /* Info.plist */ = {isa = PBXFileReference; fileEncoding = 4; lastKnownFileType = text.plist.xml; path = Info.plist; sourceTree = "<group>"; };
		3648864F1A3DCC0F001E9A28 /* main.m */ = {isa = PBXFileReference; fileEncoding = 4; lastKnownFileType = sourcecode.c.objc; path = main.m; sourceTree = "<group>"; };
		364886531A3DD04A001E9A28 /* DQTextJokesVC.h */ = {isa = PBXFileReference; fileEncoding = 4; lastKnownFileType = sourcecode.c.h; path = DQTextJokesVC.h; sourceTree = "<group>"; };
		364886541A3DD04A001E9A28 /* DQTextJokesVC.m */ = {isa = PBXFileReference; fileEncoding = 4; lastKnownFileType = sourcecode.c.objc; path = DQTextJokesVC.m; sourceTree = "<group>"; };
		3648865D1A3DD3AF001E9A28 /* DQNetworkHelper.h */ = {isa = PBXFileReference; fileEncoding = 4; lastKnownFileType = sourcecode.c.h; path = DQNetworkHelper.h; sourceTree = "<group>"; };
		3648865E1A3DD3AF001E9A28 /* DQNetworkHelper.m */ = {isa = PBXFileReference; fileEncoding = 4; lastKnownFileType = sourcecode.c.objc; path = DQNetworkHelper.m; sourceTree = "<group>"; };
		364886601A3DDCE1001E9A28 /* DQJokesModel.h */ = {isa = PBXFileReference; fileEncoding = 4; lastKnownFileType = sourcecode.c.h; path = DQJokesModel.h; sourceTree = "<group>"; };
		364886611A3DDCE1001E9A28 /* DQJokesModel.m */ = {isa = PBXFileReference; fileEncoding = 4; lastKnownFileType = sourcecode.c.objc; path = DQJokesModel.m; sourceTree = "<group>"; };
		36520DAB1A400D1F00E3F95F /* all_bottom_bg.png */ = {isa = PBXFileReference; lastKnownFileType = image.png; path = all_bottom_bg.png; sourceTree = "<group>"; };
		36520DAD1A4028D900E3F95F /* all_kuang_up.png */ = {isa = PBXFileReference; lastKnownFileType = image.png; path = all_kuang_up.png; sourceTree = "<group>"; };
		36520DAE1A4028D900E3F95F /* all_kuang_up@2x.png */ = {isa = PBXFileReference; lastKnownFileType = image.png; path = "all_kuang_up@2x.png"; sourceTree = "<group>"; };
		36520DAF1A4028D900E3F95F /* all_kuang.png */ = {isa = PBXFileReference; lastKnownFileType = image.png; path = all_kuang.png; sourceTree = "<group>"; };
		36520DB01A4028D900E3F95F /* all_kuang@2x.png */ = {isa = PBXFileReference; lastKnownFileType = image.png; path = "all_kuang@2x.png"; sourceTree = "<group>"; };
		36520DB61A4051A700E3F95F /* DQSettingVC.h */ = {isa = PBXFileReference; fileEncoding = 4; lastKnownFileType = sourcecode.c.h; path = DQSettingVC.h; sourceTree = "<group>"; };
		36520DB71A4051A700E3F95F /* DQSettingVC.m */ = {isa = PBXFileReference; fileEncoding = 4; lastKnownFileType = sourcecode.c.objc; path = DQSettingVC.m; sourceTree = "<group>"; };
		365B61D21A5CB8F6004F98B6 /* ad_image_640_164.jpg */ = {isa = PBXFileReference; lastKnownFileType = image.jpeg; path = ad_image_640_164.jpg; sourceTree = "<group>"; };
		365B61ED1A5CCA88004F98B6 /* en */ = {isa = PBXFileReference; lastKnownFileType = text.plist.strings; name = en; path = en.lproj/SSKeychain.strings; sourceTree = "<group>"; };
		365B61EE1A5CCA88004F98B6 /* SSKeychain.h */ = {isa = PBXFileReference; fileEncoding = 4; lastKnownFileType = sourcecode.c.h; path = SSKeychain.h; sourceTree = "<group>"; };
		365B61EF1A5CCA88004F98B6 /* SSKeychain.m */ = {isa = PBXFileReference; fileEncoding = 4; lastKnownFileType = sourcecode.c.objc; path = SSKeychain.m; sourceTree = "<group>"; };
		365B61F01A5CCA88004F98B6 /* SSKeychainQuery.h */ = {isa = PBXFileReference; fileEncoding = 4; lastKnownFileType = sourcecode.c.h; path = SSKeychainQuery.h; sourceTree = "<group>"; };
		365B61F11A5CCA88004F98B6 /* SSKeychainQuery.m */ = {isa = PBXFileReference; fileEncoding = 4; lastKnownFileType = sourcecode.c.objc; path = SSKeychainQuery.m; sourceTree = "<group>"; };
		365B61F51A5CCA91004F98B6 /* DQSendDeviceInfo.h */ = {isa = PBXFileReference; fileEncoding = 4; lastKnownFileType = sourcecode.c.h; path = DQSendDeviceInfo.h; sourceTree = "<group>"; };
		365B61F61A5CCA91004F98B6 /* DQSendDeviceInfo.m */ = {isa = PBXFileReference; fileEncoding = 4; lastKnownFileType = sourcecode.c.objc; path = DQSendDeviceInfo.m; sourceTree = "<group>"; };
		3671BD281A3D404D00033D54 /* LKWeakArray.h */ = {isa = PBXFileReference; fileEncoding = 4; lastKnownFileType = sourcecode.c.h; path = LKWeakArray.h; sourceTree = "<group>"; };
		3671BD291A3D404D00033D54 /* LKWeakArray.m */ = {isa = PBXFileReference; fileEncoding = 4; lastKnownFileType = sourcecode.c.objc; path = LKWeakArray.m; sourceTree = "<group>"; };
		3671BD2B1A3D412A00033D54 /* LKLanguageManager.h */ = {isa = PBXFileReference; fileEncoding = 4; lastKnownFileType = sourcecode.c.h; path = LKLanguageManager.h; sourceTree = "<group>"; };
		3671BD2C1A3D412A00033D54 /* LKLanguageManager.m */ = {isa = PBXFileReference; fileEncoding = 4; lastKnownFileType = sourcecode.c.objc; path = LKLanguageManager.m; sourceTree = "<group>"; };
		3671BD2E1A3D4A0F00033D54 /* LKSafeCategory.h */ = {isa = PBXFileReference; fileEncoding = 4; lastKnownFileType = sourcecode.c.h; path = LKSafeCategory.h; sourceTree = "<group>"; };
		3671BD2F1A3D4A0F00033D54 /* LKSafeCategory.m */ = {isa = PBXFileReference; fileEncoding = 4; lastKnownFileType = sourcecode.c.objc; path = LKSafeCategory.m; sourceTree = "<group>"; };
		3671BD311A3D7D8600033D54 /* LKThemeManager.h */ = {isa = PBXFileReference; fileEncoding = 4; lastKnownFileType = sourcecode.c.h; path = LKThemeManager.h; sourceTree = "<group>"; };
		3671BD321A3D7D8600033D54 /* LKThemeManager.m */ = {isa = PBXFileReference; fileEncoding = 4; lastKnownFileType = sourcecode.c.objc; path = LKThemeManager.m; sourceTree = "<group>"; };
		3671BD371A3D7E8200033D54 /* UIColor+LK.h */ = {isa = PBXFileReference; fileEncoding = 4; lastKnownFileType = sourcecode.c.h; path = "UIColor+LK.h"; sourceTree = "<group>"; };
		3671BD381A3D7E8200033D54 /* UIColor+LK.m */ = {isa = PBXFileReference; fileEncoding = 4; lastKnownFileType = sourcecode.c.objc; path = "UIColor+LK.m"; sourceTree = "<group>"; };
		36B58FC51A4E797500C9B538 /* NSURL+LK.h */ = {isa = PBXFileReference; fileEncoding = 4; lastKnownFileType = sourcecode.c.h; path = "NSURL+LK.h"; sourceTree = "<group>"; };
		36B58FC61A4E797500C9B538 /* NSURL+LK.m */ = {isa = PBXFileReference; fileEncoding = 4; lastKnownFileType = sourcecode.c.objc; path = "NSURL+LK.m"; sourceTree = "<group>"; };
		36BE9BA61A416B6200A1DE6A /* NSString+DQ.h */ = {isa = PBXFileReference; fileEncoding = 4; lastKnownFileType = sourcecode.c.h; path = "NSString+DQ.h"; sourceTree = "<group>"; };
		36BE9BA71A416B6200A1DE6A /* NSString+DQ.m */ = {isa = PBXFileReference; fileEncoding = 4; lastKnownFileType = sourcecode.c.objc; path = "NSString+DQ.m"; sourceTree = "<group>"; };
		36BE9BAB1A41789700A1DE6A /* NSObject+DragLoadSetup.h */ = {isa = PBXFileReference; fileEncoding = 4; lastKnownFileType = sourcecode.c.h; path = "NSObject+DragLoadSetup.h"; sourceTree = "<group>"; };
		36BE9BAC1A41789700A1DE6A /* NSObject+DragLoadSetup.m */ = {isa = PBXFileReference; fileEncoding = 4; lastKnownFileType = sourcecode.c.objc; path = "NSObject+DragLoadSetup.m"; sourceTree = "<group>"; };
		36BE9BAE1A41789700A1DE6A /* ComOpenThreadOTScreenshotHelperSwizzleHelper.h */ = {isa = PBXFileReference; fileEncoding = 4; lastKnownFileType = sourcecode.c.h; path = ComOpenThreadOTScreenshotHelperSwizzleHelper.h; sourceTree = "<group>"; };
		36BE9BAF1A41789700A1DE6A /* ComOpenThreadOTScreenshotHelperSwizzleHelper.m */ = {isa = PBXFileReference; fileEncoding = 4; lastKnownFileType = sourcecode.c.objc; path = ComOpenThreadOTScreenshotHelperSwizzleHelper.m; sourceTree = "<group>"; };
		36BE9BB01A41789700A1DE6A /* DragTableDragState_ot.h */ = {isa = PBXFileReference; fileEncoding = 4; lastKnownFileType = sourcecode.c.h; path = DragTableDragState_ot.h; sourceTree = "<group>"; };
		36BE9BB11A41789700A1DE6A /* DragTableFooterView_ot.h */ = {isa = PBXFileReference; fileEncoding = 4; lastKnownFileType = sourcecode.c.h; path = DragTableFooterView_ot.h; sourceTree = "<group>"; };
		36BE9BB21A41789700A1DE6A /* DragTableFooterView_ot.m */ = {isa = PBXFileReference; fileEncoding = 4; lastKnownFileType = sourcecode.c.objc; path = DragTableFooterView_ot.m; sourceTree = "<group>"; };
		36BE9BB31A41789700A1DE6A /* DragTableGestureObserver_ot.h */ = {isa = PBXFileReference; fileEncoding = 4; lastKnownFileType = sourcecode.c.h; path = DragTableGestureObserver_ot.h; sourceTree = "<group>"; };
		36BE9BB41A41789700A1DE6A /* DragTableGestureObserver_ot.m */ = {isa = PBXFileReference; fileEncoding = 4; lastKnownFileType = sourcecode.c.objc; path = DragTableGestureObserver_ot.m; sourceTree = "<group>"; };
		36BE9BB51A41789700A1DE6A /* DragTableHeaderView_ot.h */ = {isa = PBXFileReference; fileEncoding = 4; lastKnownFileType = sourcecode.c.h; path = DragTableHeaderView_ot.h; sourceTree = "<group>"; };
		36BE9BB61A41789700A1DE6A /* DragTableHeaderView_ot.m */ = {isa = PBXFileReference; fileEncoding = 4; lastKnownFileType = sourcecode.c.objc; path = DragTableHeaderView_ot.m; sourceTree = "<group>"; };
		36BE9BB71A41789700A1DE6A /* UIScrollView+DragTableSafeAnimation.h */ = {isa = PBXFileReference; fileEncoding = 4; lastKnownFileType = sourcecode.c.h; path = "UIScrollView+DragTableSafeAnimation.h"; sourceTree = "<group>"; };
		36BE9BB81A41789700A1DE6A /* UIScrollView+DragTableSafeAnimation.m */ = {isa = PBXFileReference; fileEncoding = 4; lastKnownFileType = sourcecode.c.objc; path = "UIScrollView+DragTableSafeAnimation.m"; sourceTree = "<group>"; };
		36BE9BBA1A41789700A1DE6A /* UITableView+DragLoad.h */ = {isa = PBXFileReference; fileEncoding = 4; lastKnownFileType = sourcecode.c.h; path = "UITableView+DragLoad.h"; sourceTree = "<group>"; };
		36BE9BBB1A41789700A1DE6A /* UITableView+DragLoad.m */ = {isa = PBXFileReference; fileEncoding = 4; lastKnownFileType = sourcecode.c.objc; path = "UITableView+DragLoad.m"; sourceTree = "<group>"; };
		36BE9BC61A4178AA00A1DE6A /* de */ = {isa = PBXFileReference; lastKnownFileType = text.plist.strings; name = de; path = de.lproj/TOWebViewControllerLocalizable.strings; sourceTree = "<group>"; };
		36BE9BC71A4178AA00A1DE6A /* en */ = {isa = PBXFileReference; lastKnownFileType = text.plist.strings; name = en; path = en.lproj/TOWebViewControllerLocalizable.strings; sourceTree = "<group>"; };
		36BE9BC81A4178AA00A1DE6A /* es */ = {isa = PBXFileReference; lastKnownFileType = text.plist.strings; name = es; path = es.lproj/TOWebViewControllerLocalizable.strings; sourceTree = "<group>"; };
		36BE9BC91A4178AA00A1DE6A /* ja */ = {isa = PBXFileReference; lastKnownFileType = text.plist.strings; name = ja; path = ja.lproj/TOWebViewControllerLocalizable.strings; sourceTree = "<group>"; };
		36BE9BCA1A4178AA00A1DE6A /* ko */ = {isa = PBXFileReference; lastKnownFileType = text.plist.strings; name = ko; path = ko.lproj/TOWebViewControllerLocalizable.strings; sourceTree = "<group>"; };
		36BE9BCB1A4178AA00A1DE6A /* pl */ = {isa = PBXFileReference; lastKnownFileType = text.plist.strings; name = pl; path = pl.lproj/TOWebViewControllerLocalizable.strings; sourceTree = "<group>"; };
		36BE9BCC1A4178AA00A1DE6A /* TOActivityChrome.h */ = {isa = PBXFileReference; fileEncoding = 4; lastKnownFileType = sourcecode.c.h; path = TOActivityChrome.h; sourceTree = "<group>"; };
		36BE9BCD1A4178AA00A1DE6A /* TOActivityChrome.m */ = {isa = PBXFileReference; fileEncoding = 4; lastKnownFileType = sourcecode.c.objc; path = TOActivityChrome.m; sourceTree = "<group>"; };
		36BE9BCE1A4178AA00A1DE6A /* TOActivitySafari.h */ = {isa = PBXFileReference; fileEncoding = 4; lastKnownFileType = sourcecode.c.h; path = TOActivitySafari.h; sourceTree = "<group>"; };
		36BE9BCF1A4178AA00A1DE6A /* TOActivitySafari.m */ = {isa = PBXFileReference; fileEncoding = 4; lastKnownFileType = sourcecode.c.objc; path = TOActivitySafari.m; sourceTree = "<group>"; };
		36BE9BD01A4178AA00A1DE6A /* TOWebViewController.h */ = {isa = PBXFileReference; fileEncoding = 4; lastKnownFileType = sourcecode.c.h; path = TOWebViewController.h; sourceTree = "<group>"; };
		36BE9BD11A4178AA00A1DE6A /* TOWebViewController.m */ = {isa = PBXFileReference; fileEncoding = 4; lastKnownFileType = sourcecode.c.objc; path = TOWebViewController.m; sourceTree = "<group>"; };
		36BE9BD21A4178AA00A1DE6A /* UIImage+TOWebViewControllerIcons.h */ = {isa = PBXFileReference; fileEncoding = 4; lastKnownFileType = sourcecode.c.h; path = "UIImage+TOWebViewControllerIcons.h"; sourceTree = "<group>"; };
		36BE9BD31A4178AA00A1DE6A /* UIImage+TOWebViewControllerIcons.m */ = {isa = PBXFileReference; fileEncoding = 4; lastKnownFileType = sourcecode.c.objc; path = "UIImage+TOWebViewControllerIcons.m"; sourceTree = "<group>"; };
		36BE9BD41A4178AA00A1DE6A /* zh-Hans */ = {isa = PBXFileReference; lastKnownFileType = text.plist.strings; name = "zh-Hans"; path = "zh-Hans.lproj/TOWebViewControllerLocalizable.strings"; sourceTree = "<group>"; };
		36BE9BD51A4178AA00A1DE6A /* zh-Hant */ = {isa = PBXFileReference; lastKnownFileType = text.plist.strings; name = "zh-Hant"; path = "zh-Hant.lproj/TOWebViewControllerLocalizable.strings"; sourceTree = "<group>"; };
		36BE9C351A41A74300A1DE6A /* MBProgressHUD.h */ = {isa = PBXFileReference; fileEncoding = 4; lastKnownFileType = sourcecode.c.h; path = MBProgressHUD.h; sourceTree = "<group>"; };
		36BE9C361A41A74300A1DE6A /* MBProgressHUD.m */ = {isa = PBXFileReference; fileEncoding = 4; lastKnownFileType = sourcecode.c.objc; path = MBProgressHUD.m; sourceTree = "<group>"; };
		36BE9C6D1A41AAFF00A1DE6A /* MJPhoto.h */ = {isa = PBXFileReference; fileEncoding = 4; lastKnownFileType = sourcecode.c.h; path = MJPhoto.h; sourceTree = "<group>"; };
		36BE9C6E1A41AAFF00A1DE6A /* MJPhoto.m */ = {isa = PBXFileReference; fileEncoding = 4; lastKnownFileType = sourcecode.c.objc; path = MJPhoto.m; sourceTree = "<group>"; };
		36BE9C6F1A41AAFF00A1DE6A /* MJPhotoBrowser.bundle */ = {isa = PBXFileReference; lastKnownFileType = "wrapper.plug-in"; path = MJPhotoBrowser.bundle; sourceTree = "<group>"; };
		36BE9C701A41AAFF00A1DE6A /* MJPhotoBrowser.h */ = {isa = PBXFileReference; fileEncoding = 4; lastKnownFileType = sourcecode.c.h; path = MJPhotoBrowser.h; sourceTree = "<group>"; };
		36BE9C711A41AAFF00A1DE6A /* MJPhotoBrowser.m */ = {isa = PBXFileReference; fileEncoding = 4; lastKnownFileType = sourcecode.c.objc; path = MJPhotoBrowser.m; sourceTree = "<group>"; };
		36BE9C721A41AAFF00A1DE6A /* MJPhotoLoadingView.h */ = {isa = PBXFileReference; fileEncoding = 4; lastKnownFileType = sourcecode.c.h; path = MJPhotoLoadingView.h; sourceTree = "<group>"; };
		36BE9C731A41AAFF00A1DE6A /* MJPhotoLoadingView.m */ = {isa = PBXFileReference; fileEncoding = 4; lastKnownFileType = sourcecode.c.objc; path = MJPhotoLoadingView.m; sourceTree = "<group>"; };
		36BE9C741A41AAFF00A1DE6A /* MJPhotoProgressView.h */ = {isa = PBXFileReference; fileEncoding = 4; lastKnownFileType = sourcecode.c.h; path = MJPhotoProgressView.h; sourceTree = "<group>"; };
		36BE9C751A41AAFF00A1DE6A /* MJPhotoProgressView.m */ = {isa = PBXFileReference; fileEncoding = 4; lastKnownFileType = sourcecode.c.objc; path = MJPhotoProgressView.m; sourceTree = "<group>"; };
		36BE9C761A41AAFF00A1DE6A /* MJPhotoToolbar.h */ = {isa = PBXFileReference; fileEncoding = 4; lastKnownFileType = sourcecode.c.h; path = MJPhotoToolbar.h; sourceTree = "<group>"; };
		36BE9C771A41AAFF00A1DE6A /* MJPhotoToolbar.m */ = {isa = PBXFileReference; fileEncoding = 4; lastKnownFileType = sourcecode.c.objc; path = MJPhotoToolbar.m; sourceTree = "<group>"; };
		36BE9C781A41AAFF00A1DE6A /* MJPhotoView.h */ = {isa = PBXFileReference; fileEncoding = 4; lastKnownFileType = sourcecode.c.h; path = MJPhotoView.h; sourceTree = "<group>"; };
		36BE9C791A41AAFF00A1DE6A /* MJPhotoView.m */ = {isa = PBXFileReference; fileEncoding = 4; lastKnownFileType = sourcecode.c.objc; path = MJPhotoView.m; sourceTree = "<group>"; };
		36BE9C941A41AB4100A1DE6A /* SDWebImageManager+MJ.h */ = {isa = PBXFileReference; fileEncoding = 4; lastKnownFileType = sourcecode.c.h; path = "SDWebImageManager+MJ.h"; sourceTree = "<group>"; };
		36BE9C951A41AB4100A1DE6A /* SDWebImageManager+MJ.m */ = {isa = PBXFileReference; fileEncoding = 4; lastKnownFileType = sourcecode.c.objc; path = "SDWebImageManager+MJ.m"; sourceTree = "<group>"; };
		36BE9C971A41ABB000A1DE6A /* MBProgressHUD+Add.h */ = {isa = PBXFileReference; fileEncoding = 4; lastKnownFileType = sourcecode.c.h; path = "MBProgressHUD+Add.h"; sourceTree = "<group>"; };
		36BE9C981A41ABB000A1DE6A /* MBProgressHUD+Add.m */ = {isa = PBXFileReference; fileEncoding = 4; lastKnownFileType = sourcecode.c.objc; path = "MBProgressHUD+Add.m"; sourceTree = "<group>"; };
		36BE9C9B1A41C19200A1DE6A /* KLSwitch.h */ = {isa = PBXFileReference; fileEncoding = 4; lastKnownFileType = sourcecode.c.h; path = KLSwitch.h; sourceTree = "<group>"; };
		36BE9C9C1A41C19200A1DE6A /* KLSwitch.m */ = {isa = PBXFileReference; fileEncoding = 4; lastKnownFileType = sourcecode.c.objc; path = KLSwitch.m; sourceTree = "<group>"; };
		36BE9C9E1A41C19200A1DE6A /* lock-icon.png */ = {isa = PBXFileReference; lastKnownFileType = image.png; path = "lock-icon.png"; sourceTree = "<group>"; };
		36BE9C9F1A41C19200A1DE6A /* lock-icon@2x.png */ = {isa = PBXFileReference; lastKnownFileType = image.png; path = "lock-icon@2x.png"; sourceTree = "<group>"; };
		36BE9CA31A41ED1800A1DE6A /* SystemConfiguration.framework */ = {isa = PBXFileReference; lastKnownFileType = wrapper.framework; name = SystemConfiguration.framework; path = System/Library/Frameworks/SystemConfiguration.framework; sourceTree = SDKROOT; };
		36BE9CA51A42654200A1DE6A /* _night */ = {isa = PBXFileReference; lastKnownFileType = folder; path = _night; sourceTree = "<group>"; };
		36BE9CA71A4266C900A1DE6A /* all_top_bg.png */ = {isa = PBXFileReference; lastKnownFileType = image.png; path = all_top_bg.png; sourceTree = "<group>"; };
		36BE9CA91A4269D600A1DE6A /* DQColorMacros.h */ = {isa = PBXFileReference; fileEncoding = 4; lastKnownFileType = sourcecode.c.h; path = DQColorMacros.h; sourceTree = "<group>"; };
		36BE9CAC1A42700A00A1DE6A /* ConfigHeader.h */ = {isa = PBXFileReference; fileEncoding = 4; lastKnownFileType = sourcecode.c.h; path = ConfigHeader.h; sourceTree = "<group>"; };
		36BE9CAD1A42700A00A1DE6A /* symbols_spotconfuse.h */ = {isa = PBXFileReference; fileEncoding = 4; lastKnownFileType = sourcecode.c.h; path = symbols_spotconfuse.h; sourceTree = "<group>"; };
		36BE9CAE1A42700A00A1DE6A /* YouMiNewSpot.h */ = {isa = PBXFileReference; fileEncoding = 4; lastKnownFileType = sourcecode.c.h; path = YouMiNewSpot.h; sourceTree = "<group>"; };
		36BE9CAF1A42700A00A1DE6A /* youmispot.a */ = {isa = PBXFileReference; lastKnownFileType = archive.ar; path = youmispot.a; sourceTree = "<group>"; };
		36BE9CB11A42863500A1DE6A /* jokes_cache_1.json */ = {isa = PBXFileReference; fileEncoding = 4; lastKnownFileType = text.json; path = jokes_cache_1.json; sourceTree = "<group>"; };
		36BE9CB21A42863500A1DE6A /* jokes_cache_2.json */ = {isa = PBXFileReference; fileEncoding = 4; lastKnownFileType = text.json; path = jokes_cache_2.json; sourceTree = "<group>"; };
		36BE9CB61A42893D00A1DE6A /* SYSSPasteboardView.h */ = {isa = PBXFileReference; fileEncoding = 4; lastKnownFileType = sourcecode.c.h; path = SYSSPasteboardView.h; sourceTree = "<group>"; };
		36BE9CB71A42893D00A1DE6A /* SYSSPasteboardView.m */ = {isa = PBXFileReference; fileEncoding = 4; lastKnownFileType = sourcecode.c.objc; path = SYSSPasteboardView.m; sourceTree = "<group>"; };
		36BE9CBA1A429E6600A1DE6A /* tabbar_setting@3x.png */ = {isa = PBXFileReference; lastKnownFileType = image.png; path = "tabbar_setting@3x.png"; sourceTree = "<group>"; };
		36BE9CBB1A429E6600A1DE6A /* tabbar_setting_up@3x.png */ = {isa = PBXFileReference; lastKnownFileType = image.png; path = "tabbar_setting_up@3x.png"; sourceTree = "<group>"; };
		36BE9CBE1A429EDC00A1DE6A /* tabbar_setting_up.png */ = {isa = PBXFileReference; lastKnownFileType = image.png; path = tabbar_setting_up.png; sourceTree = "<group>"; };
		36BE9CBF1A429EDC00A1DE6A /* tabbar_setting_up@2x.png */ = {isa = PBXFileReference; lastKnownFileType = image.png; path = "tabbar_setting_up@2x.png"; sourceTree = "<group>"; };
		36BE9CC01A429EDC00A1DE6A /* tabbar_setting.png */ = {isa = PBXFileReference; lastKnownFileType = image.png; path = tabbar_setting.png; sourceTree = "<group>"; };
		36BE9CC11A429EDC00A1DE6A /* tabbar_setting@2x.png */ = {isa = PBXFileReference; lastKnownFileType = image.png; path = "tabbar_setting@2x.png"; sourceTree = "<group>"; };
		36BE9CC61A42A3B600A1DE6A /* tabbar_picture_up.png */ = {isa = PBXFileReference; lastKnownFileType = image.png; path = tabbar_picture_up.png; sourceTree = "<group>"; };
		36BE9CC71A42A3B600A1DE6A /* tabbar_picture_up@2x.png */ = {isa = PBXFileReference; lastKnownFileType = image.png; path = "tabbar_picture_up@2x.png"; sourceTree = "<group>"; };
		36BE9CC81A42A3B600A1DE6A /* tabbar_picture_up@3x.png */ = {isa = PBXFileReference; lastKnownFileType = image.png; path = "tabbar_picture_up@3x.png"; sourceTree = "<group>"; };
		36BE9CC91A42A3B600A1DE6A /* tabbar_picture.png */ = {isa = PBXFileReference; lastKnownFileType = image.png; path = tabbar_picture.png; sourceTree = "<group>"; };
		36BE9CCA1A42A3B600A1DE6A /* tabbar_picture@2x.png */ = {isa = PBXFileReference; lastKnownFileType = image.png; path = "tabbar_picture@2x.png"; sourceTree = "<group>"; };
		36BE9CCB1A42A3B600A1DE6A /* tabbar_picture@3x.png */ = {isa = PBXFileReference; lastKnownFileType = image.png; path = "tabbar_picture@3x.png"; sourceTree = "<group>"; };
		36BE9CCC1A42A3B600A1DE6A /* tabbar_text_up.png */ = {isa = PBXFileReference; lastKnownFileType = image.png; path = tabbar_text_up.png; sourceTree = "<group>"; };
		36BE9CCD1A42A3B600A1DE6A /* tabbar_text_up@2x.png */ = {isa = PBXFileReference; lastKnownFileType = image.png; path = "tabbar_text_up@2x.png"; sourceTree = "<group>"; };
		36BE9CCE1A42A3B600A1DE6A /* tabbar_text_up@3x.png */ = {isa = PBXFileReference; lastKnownFileType = image.png; path = "tabbar_text_up@3x.png"; sourceTree = "<group>"; };
		36BE9CCF1A42A3B600A1DE6A /* tabbar_text.png */ = {isa = PBXFileReference; lastKnownFileType = image.png; path = tabbar_text.png; sourceTree = "<group>"; };
		36BE9CD01A42A3B600A1DE6A /* tabbar_text@2x.png */ = {isa = PBXFileReference; lastKnownFileType = image.png; path = "tabbar_text@2x.png"; sourceTree = "<group>"; };
		36BE9CD11A42A3B600A1DE6A /* tabbar_text@3x.png */ = {isa = PBXFileReference; lastKnownFileType = image.png; path = "tabbar_text@3x.png"; sourceTree = "<group>"; };
		36C3D4121A3EB1D40031978B /* YYJSONHelper.h */ = {isa = PBXFileReference; fileEncoding = 4; lastKnownFileType = sourcecode.c.h; path = YYJSONHelper.h; sourceTree = "<group>"; };
		36C3D4131A3EB1D40031978B /* YYJSONHelper.m */ = {isa = PBXFileReference; fileEncoding = 4; lastKnownFileType = sourcecode.c.objc; path = YYJSONHelper.m; sourceTree = "<group>"; };
		36C3D4181A3EE87E0031978B /* DQTextJokesCell.h */ = {isa = PBXFileReference; fileEncoding = 4; lastKnownFileType = sourcecode.c.h; path = DQTextJokesCell.h; sourceTree = "<group>"; };
		36C3D4191A3EE87E0031978B /* DQTextJokesCell.m */ = {isa = PBXFileReference; fileEncoding = 4; lastKnownFileType = sourcecode.c.objc; path = DQTextJokesCell.m; sourceTree = "<group>"; };
		36C3D41C1A3F17350031978B /* all_lineone.png */ = {isa = PBXFileReference; lastKnownFileType = image.png; path = all_lineone.png; sourceTree = "<group>"; };
		36C3D41D1A3F17350031978B /* all_lineone@2x.png */ = {isa = PBXFileReference; lastKnownFileType = image.png; path = "all_lineone@2x.png"; sourceTree = "<group>"; };
		36C3D4211A3F17A10031978B /* UIView+DQ.h */ = {isa = PBXFileReference; fileEncoding = 4; lastKnownFileType = sourcecode.c.h; path = "UIView+DQ.h"; sourceTree = "<group>"; };
		36C3D4221A3F17A10031978B /* UIView+DQ.m */ = {isa = PBXFileReference; fileEncoding = 4; lastKnownFileType = sourcecode.c.objc; path = "UIView+DQ.m"; sourceTree = "<group>"; };
		36C3D4261A3FC8C10031978B /* all_bottom_bg@2x.png */ = {isa = PBXFileReference; lastKnownFileType = image.png; path = "all_bottom_bg@2x.png"; sourceTree = "<group>"; };
		36C3D4271A3FC8C10031978B /* all_top_bg@2x.png */ = {isa = PBXFileReference; lastKnownFileType = image.png; path = "all_top_bg@2x.png"; sourceTree = "<group>"; };
		36CB43D81A39EFAC00960DB4 /* DouQu.app */ = {isa = PBXFileReference; explicitFileType = wrapper.application; includeInIndex = 0; path = DouQu.app; sourceTree = BUILT_PRODUCTS_DIR; };
		36CB43DF1A39EFAC00960DB4 /* AppDelegate.h */ = {isa = PBXFileReference; lastKnownFileType = sourcecode.c.h; path = AppDelegate.h; sourceTree = "<group>"; };
		36CB43E01A39EFAC00960DB4 /* AppDelegate.m */ = {isa = PBXFileReference; lastKnownFileType = sourcecode.c.objc; path = AppDelegate.m; sourceTree = "<group>"; };
		36CB43E81A39EFAC00960DB4 /* Images.xcassets */ = {isa = PBXFileReference; lastKnownFileType = folder.assetcatalog; path = Images.xcassets; sourceTree = "<group>"; };
		36CB44471A3AC7E700960DB4 /* LKTools.h */ = {isa = PBXFileReference; fileEncoding = 4; lastKnownFileType = sourcecode.c.h; path = LKTools.h; sourceTree = "<group>"; };
		36CB44481A3AC7E700960DB4 /* NSData+LK.h */ = {isa = PBXFileReference; fileEncoding = 4; lastKnownFileType = sourcecode.c.h; path = "NSData+LK.h"; sourceTree = "<group>"; };
		36CB44491A3AC7E700960DB4 /* NSData+LK.m */ = {isa = PBXFileReference; fileEncoding = 4; lastKnownFileType = sourcecode.c.objc; path = "NSData+LK.m"; sourceTree = "<group>"; };
		36CB444A1A3AC7E700960DB4 /* NSFileManager+LK.h */ = {isa = PBXFileReference; fileEncoding = 4; lastKnownFileType = sourcecode.c.h; path = "NSFileManager+LK.h"; sourceTree = "<group>"; };
		36CB444B1A3AC7E700960DB4 /* NSFileManager+LK.m */ = {isa = PBXFileReference; fileEncoding = 4; lastKnownFileType = sourcecode.c.objc; path = "NSFileManager+LK.m"; sourceTree = "<group>"; };
		36CB444C1A3AC7E700960DB4 /* NSObject+LK.h */ = {isa = PBXFileReference; fileEncoding = 4; lastKnownFileType = sourcecode.c.h; path = "NSObject+LK.h"; sourceTree = "<group>"; };
		36CB444D1A3AC7E700960DB4 /* NSObject+LK.m */ = {isa = PBXFileReference; fileEncoding = 4; lastKnownFileType = sourcecode.c.objc; path = "NSObject+LK.m"; sourceTree = "<group>"; };
		36CB444E1A3AC7E700960DB4 /* NSString+LK.h */ = {isa = PBXFileReference; fileEncoding = 4; lastKnownFileType = sourcecode.c.h; path = "NSString+LK.h"; sourceTree = "<group>"; };
		36CB444F1A3AC7E700960DB4 /* NSString+LK.m */ = {isa = PBXFileReference; fileEncoding = 4; lastKnownFileType = sourcecode.c.objc; path = "NSString+LK.m"; sourceTree = "<group>"; };
		36CB44521A3AC7E700960DB4 /* UIButton+LK.h */ = {isa = PBXFileReference; fileEncoding = 4; lastKnownFileType = sourcecode.c.h; path = "UIButton+LK.h"; sourceTree = "<group>"; };
		36CB44531A3AC7E700960DB4 /* UIButton+LK.m */ = {isa = PBXFileReference; fileEncoding = 4; lastKnownFileType = sourcecode.c.objc; path = "UIButton+LK.m"; sourceTree = "<group>"; };
		36CB44541A3AC7E700960DB4 /* UIImage+LK.h */ = {isa = PBXFileReference; fileEncoding = 4; lastKnownFileType = sourcecode.c.h; path = "UIImage+LK.h"; sourceTree = "<group>"; };
		36CB44551A3AC7E700960DB4 /* UIImage+LK.m */ = {isa = PBXFileReference; fileEncoding = 4; lastKnownFileType = sourcecode.c.objc; path = "UIImage+LK.m"; sourceTree = "<group>"; };
		36CB44561A3AC7E700960DB4 /* UIImageView+LK.h */ = {isa = PBXFileReference; fileEncoding = 4; lastKnownFileType = sourcecode.c.h; path = "UIImageView+LK.h"; sourceTree = "<group>"; };
		36CB44571A3AC7E700960DB4 /* UIImageView+LK.m */ = {isa = PBXFileReference; fileEncoding = 4; lastKnownFileType = sourcecode.c.objc; path = "UIImageView+LK.m"; sourceTree = "<group>"; };
		36CB44581A3AC7E700960DB4 /* UIView+LK.h */ = {isa = PBXFileReference; fileEncoding = 4; lastKnownFileType = sourcecode.c.h; path = "UIView+LK.h"; sourceTree = "<group>"; };
		36CB44591A3AC7E700960DB4 /* UIView+LK.m */ = {isa = PBXFileReference; fileEncoding = 4; lastKnownFileType = sourcecode.c.objc; path = "UIView+LK.m"; sourceTree = "<group>"; };
		36CB445A1A3AC7E700960DB4 /* UIViewController+LK.h */ = {isa = PBXFileReference; fileEncoding = 4; lastKnownFileType = sourcecode.c.h; path = "UIViewController+LK.h"; sourceTree = "<group>"; };
		36CB445B1A3AC7E700960DB4 /* UIViewController+LK.m */ = {isa = PBXFileReference; fileEncoding = 4; lastKnownFileType = sourcecode.c.objc; path = "UIViewController+LK.m"; sourceTree = "<group>"; };
		36CB445C1A3AC7E700960DB4 /* UIWindow+LK.h */ = {isa = PBXFileReference; fileEncoding = 4; lastKnownFileType = sourcecode.c.h; path = "UIWindow+LK.h"; sourceTree = "<group>"; };
		36CB445D1A3AC7E700960DB4 /* UIWindow+LK.m */ = {isa = PBXFileReference; fileEncoding = 4; lastKnownFileType = sourcecode.c.objc; path = "UIWindow+LK.m"; sourceTree = "<group>"; };
		36CB44601A3AC7E700960DB4 /* OpenUDID.h */ = {isa = PBXFileReference; fileEncoding = 4; lastKnownFileType = sourcecode.c.h; path = OpenUDID.h; sourceTree = "<group>"; };
		36CB44611A3AC7E700960DB4 /* OpenUDID.m */ = {isa = PBXFileReference; fileEncoding = 4; lastKnownFileType = sourcecode.c.objc; path = OpenUDID.m; sourceTree = "<group>"; };
		36CB44621A3AC7E700960DB4 /* UIDevice-Hardware.h */ = {isa = PBXFileReference; fileEncoding = 4; lastKnownFileType = sourcecode.c.h; path = "UIDevice-Hardware.h"; sourceTree = "<group>"; };
		36CB44631A3AC7E700960DB4 /* UIDevice-Hardware.m */ = {isa = PBXFileReference; fileEncoding = 4; lastKnownFileType = sourcecode.c.objc; path = "UIDevice-Hardware.m"; sourceTree = "<group>"; };
		36CB44651A3AC7E700960DB4 /* LKBaseNavigationController.h */ = {isa = PBXFileReference; fileEncoding = 4; lastKnownFileType = sourcecode.c.h; path = LKBaseNavigationController.h; sourceTree = "<group>"; };
		36CB44661A3AC7E700960DB4 /* LKBaseNavigationController.m */ = {isa = PBXFileReference; fileEncoding = 4; lastKnownFileType = sourcecode.c.objc; path = LKBaseNavigationController.m; sourceTree = "<group>"; };
		36CB44691A3AC7E700960DB4 /* LKBaseViewController.h */ = {isa = PBXFileReference; fileEncoding = 4; lastKnownFileType = sourcecode.c.h; path = LKBaseViewController.h; sourceTree = "<group>"; };
		36CB446A1A3AC7E700960DB4 /* LKBaseViewController.m */ = {isa = PBXFileReference; fileEncoding = 4; lastKnownFileType = sourcecode.c.objc; path = LKBaseViewController.m; sourceTree = "<group>"; };
		36CB447C1A3ADCFD00960DB4 /* UIView+Toast_LK.h */ = {isa = PBXFileReference; fileEncoding = 4; lastKnownFileType = sourcecode.c.h; path = "UIView+Toast_LK.h"; sourceTree = "<group>"; };
		36CB447D1A3ADCFD00960DB4 /* UIView+Toast_LK.m */ = {isa = PBXFileReference; fileEncoding = 4; lastKnownFileType = sourcecode.c.objc; path = "UIView+Toast_LK.m"; sourceTree = "<group>"; };
		8AE91DBFEA3EDF059E33C3C8 /* Pods.release.xcconfig */ = {isa = PBXFileReference; includeInIndex = 1; lastKnownFileType = text.xcconfig; name = Pods.release.xcconfig; path = "Pods/Target Support Files/Pods/Pods.release.xcconfig"; sourceTree = "<group>"; };
		9F9E8FD6BC6DC2BE1F3DE940 /* Pods.debug.xcconfig */ = {isa = PBXFileReference; includeInIndex = 1; lastKnownFileType = text.xcconfig; name = Pods.debug.xcconfig; path = "Pods/Target Support Files/Pods/Pods.debug.xcconfig"; sourceTree = "<group>"; };
/* End PBXFileReference section */

/* Begin PBXFrameworksBuildPhase section */
		36CB43D51A39EFAC00960DB4 /* Frameworks */ = {
			isa = PBXFrameworksBuildPhase;
			buildActionMask = 2147483647;
			files = (
				36BE9CA41A41ED1800A1DE6A /* SystemConfiguration.framework in Frameworks */,
				254111D5DCBC34D7DA2C8861 /* libPods.a in Frameworks */,
				36BE9CB01A42700A00A1DE6A /* youmispot.a in Frameworks */,
			);
			runOnlyForDeploymentPostprocessing = 0;
		};
/* End PBXFrameworksBuildPhase section */

/* Begin PBXGroup section */
		1D3A047EBA87C84B277D3CDD /* Pods */ = {
			isa = PBXGroup;
			children = (
				9F9E8FD6BC6DC2BE1F3DE940 /* Pods.debug.xcconfig */,
				8AE91DBFEA3EDF059E33C3C8 /* Pods.release.xcconfig */,
			);
			name = Pods;
			sourceTree = "<group>";
		};
		3648863F1A3DC34D001E9A28 /* Base */ = {
			isa = PBXGroup;
			children = (
				364886411A3DC50D001E9A28 /* DQTabbarVC.h */,
				364886421A3DC50D001E9A28 /* DQTabbarVC.m */,
			);
			path = Base;
			sourceTree = "<group>";
		};
		364886401A3DC37D001E9A28 /* Jokes */ = {
			isa = PBXGroup;
			children = (
				36BE9CB11A42863500A1DE6A /* jokes_cache_1.json */,
				36BE9CB21A42863500A1DE6A /* jokes_cache_2.json */,
				36C3D4171A3EE8640031978B /* Cell */,
				364886531A3DD04A001E9A28 /* DQTextJokesVC.h */,
				364886541A3DD04A001E9A28 /* DQTextJokesVC.m */,
				364886601A3DDCE1001E9A28 /* DQJokesModel.h */,
				364886611A3DDCE1001E9A28 /* DQJokesModel.m */,
			);
			path = Jokes;
			sourceTree = "<group>";
		};
		364886441A3DC675001E9A28 /* BaseClasses */ = {
			isa = PBXGroup;
			children = (
				36BE9BA51A416B5300A1DE6A /* NSObject */,
				36C3D4201A3F17920031978B /* UIView */,
				3648865C1A3DD398001E9A28 /* Network */,
				364886451A3DC69C001E9A28 /* DQGlobalMacros.h */,
				36BE9CA91A4269D600A1DE6A /* DQColorMacros.h */,
				364886461A3DCA77001E9A28 /* DQAppInfo.h */,
				364886471A3DCA77001E9A28 /* DQAppInfo.m */,
			);
			path = BaseClasses;
			sourceTree = "<group>";
		};
		3648864B1A3DCBF1001E9A28 /* Supporting Files */ = {
			isa = PBXGroup;
			children = (
				3648864C1A3DCC0F001E9A28 /* channel.txt */,
				3648864D1A3DCC0F001E9A28 /* DouQu-Prefix.pch */,
				3648864E1A3DCC0F001E9A28 /* Info.plist */,
				3648864F1A3DCC0F001E9A28 /* main.m */,
			);
			path = "Supporting Files";
			sourceTree = "<group>";
		};
		3648865C1A3DD398001E9A28 /* Network */ = {
			isa = PBXGroup;
			children = (
				365B61F51A5CCA91004F98B6 /* DQSendDeviceInfo.h */,
				365B61F61A5CCA91004F98B6 /* DQSendDeviceInfo.m */,
				3648865D1A3DD3AF001E9A28 /* DQNetworkHelper.h */,
				3648865E1A3DD3AF001E9A28 /* DQNetworkHelper.m */,
			);
			path = Network;
			sourceTree = "<group>";
		};
		36520DB51A40518300E3F95F /* Setting */ = {
			isa = PBXGroup;
			children = (
				36520DB61A4051A700E3F95F /* DQSettingVC.h */,
				36520DB71A4051A700E3F95F /* DQSettingVC.m */,
			);
			path = Setting;
			sourceTree = "<group>";
		};
		365B61D11A5CB8EB004F98B6 /* ad */ = {
			isa = PBXGroup;
			children = (
				365B61D21A5CB8F6004F98B6 /* ad_image_640_164.jpg */,
			);
			path = ad;
			sourceTree = "<group>";
		};
		365B61EB1A5CCA88004F98B6 /* SSKeychain */ = {
			isa = PBXGroup;
			children = (
				365B61EC1A5CCA88004F98B6 /* SSKeychain.strings */,
				365B61EE1A5CCA88004F98B6 /* SSKeychain.h */,
				365B61EF1A5CCA88004F98B6 /* SSKeychain.m */,
				365B61F01A5CCA88004F98B6 /* SSKeychainQuery.h */,
				365B61F11A5CCA88004F98B6 /* SSKeychainQuery.m */,
			);
			path = SSKeychain;
			sourceTree = "<group>";
		};
		36BE9BA51A416B5300A1DE6A /* NSObject */ = {
			isa = PBXGroup;
			children = (
				36BE9BA61A416B6200A1DE6A /* NSString+DQ.h */,
				36BE9BA71A416B6200A1DE6A /* NSString+DQ.m */,
			);
			path = NSObject;
			sourceTree = "<group>";
		};
		36BE9BA91A41789700A1DE6A /* Library */ = {
			isa = PBXGroup;
			children = (
				36BE9BAA1A41789700A1DE6A /* UITableViewDragLoad */,
			);
			path = Library;
			sourceTree = "<group>";
		};
		36BE9BAA1A41789700A1DE6A /* UITableViewDragLoad */ = {
			isa = PBXGroup;
			children = (
				36BE9BAB1A41789700A1DE6A /* NSObject+DragLoadSetup.h */,
				36BE9BAC1A41789700A1DE6A /* NSObject+DragLoadSetup.m */,
				36BE9BAD1A41789700A1DE6A /* PrivateClass */,
				36BE9BB91A41789700A1DE6A /* PublicClass */,
			);
			path = UITableViewDragLoad;
			sourceTree = "<group>";
		};
		36BE9BAD1A41789700A1DE6A /* PrivateClass */ = {
			isa = PBXGroup;
			children = (
				36BE9BAE1A41789700A1DE6A /* ComOpenThreadOTScreenshotHelperSwizzleHelper.h */,
				36BE9BAF1A41789700A1DE6A /* ComOpenThreadOTScreenshotHelperSwizzleHelper.m */,
				36BE9BB01A41789700A1DE6A /* DragTableDragState_ot.h */,
				36BE9BB11A41789700A1DE6A /* DragTableFooterView_ot.h */,
				36BE9BB21A41789700A1DE6A /* DragTableFooterView_ot.m */,
				36BE9BB31A41789700A1DE6A /* DragTableGestureObserver_ot.h */,
				36BE9BB41A41789700A1DE6A /* DragTableGestureObserver_ot.m */,
				36BE9BB51A41789700A1DE6A /* DragTableHeaderView_ot.h */,
				36BE9BB61A41789700A1DE6A /* DragTableHeaderView_ot.m */,
				36BE9BB71A41789700A1DE6A /* UIScrollView+DragTableSafeAnimation.h */,
				36BE9BB81A41789700A1DE6A /* UIScrollView+DragTableSafeAnimation.m */,
			);
			path = PrivateClass;
			sourceTree = "<group>";
		};
		36BE9BB91A41789700A1DE6A /* PublicClass */ = {
			isa = PBXGroup;
			children = (
				36BE9BBA1A41789700A1DE6A /* UITableView+DragLoad.h */,
				36BE9BBB1A41789700A1DE6A /* UITableView+DragLoad.m */,
			);
			path = PublicClass;
			sourceTree = "<group>";
		};
		36BE9BC31A4178AA00A1DE6A /* Library */ = {
			isa = PBXGroup;
			children = (
				365B61EB1A5CCA88004F98B6 /* SSKeychain */,
				36BE9CB51A42893D00A1DE6A /* SYSSPasteboardView */,
				36BE9CAA1A42700A00A1DE6A /* spotlib */,
				36BE9C9A1A41C19200A1DE6A /* KLSwitch */,
				36BE9C661A41AAFF00A1DE6A /* MJPhotoBrowser */,
				36BE9C341A41A74300A1DE6A /* MBProgressHUD */,
				36BE9BC41A4178AA00A1DE6A /* TOWebViewController */,
			);
			path = Library;
			sourceTree = "<group>";
		};
		36BE9BC41A4178AA00A1DE6A /* TOWebViewController */ = {
			isa = PBXGroup;
			children = (
				36BE9BC51A4178AA00A1DE6A /* TOWebViewControllerLocalizable.strings */,
				36BE9BCC1A4178AA00A1DE6A /* TOActivityChrome.h */,
				36BE9BCD1A4178AA00A1DE6A /* TOActivityChrome.m */,
				36BE9BCE1A4178AA00A1DE6A /* TOActivitySafari.h */,
				36BE9BCF1A4178AA00A1DE6A /* TOActivitySafari.m */,
				36BE9BD01A4178AA00A1DE6A /* TOWebViewController.h */,
				36BE9BD11A4178AA00A1DE6A /* TOWebViewController.m */,
				36BE9BD21A4178AA00A1DE6A /* UIImage+TOWebViewControllerIcons.h */,
				36BE9BD31A4178AA00A1DE6A /* UIImage+TOWebViewControllerIcons.m */,
			);
			path = TOWebViewController;
			sourceTree = "<group>";
		};
		36BE9C341A41A74300A1DE6A /* MBProgressHUD */ = {
			isa = PBXGroup;
			children = (
				36BE9C351A41A74300A1DE6A /* MBProgressHUD.h */,
				36BE9C361A41A74300A1DE6A /* MBProgressHUD.m */,
			);
			path = MBProgressHUD;
			sourceTree = "<group>";
		};
		36BE9C661A41AAFF00A1DE6A /* MJPhotoBrowser */ = {
			isa = PBXGroup;
			children = (
				36BE9C971A41ABB000A1DE6A /* MBProgressHUD+Add.h */,
				36BE9C981A41ABB000A1DE6A /* MBProgressHUD+Add.m */,
				36BE9C941A41AB4100A1DE6A /* SDWebImageManager+MJ.h */,
				36BE9C951A41AB4100A1DE6A /* SDWebImageManager+MJ.m */,
				36BE9C6D1A41AAFF00A1DE6A /* MJPhoto.h */,
				36BE9C6E1A41AAFF00A1DE6A /* MJPhoto.m */,
				36BE9C6F1A41AAFF00A1DE6A /* MJPhotoBrowser.bundle */,
				36BE9C701A41AAFF00A1DE6A /* MJPhotoBrowser.h */,
				36BE9C711A41AAFF00A1DE6A /* MJPhotoBrowser.m */,
				36BE9C721A41AAFF00A1DE6A /* MJPhotoLoadingView.h */,
				36BE9C731A41AAFF00A1DE6A /* MJPhotoLoadingView.m */,
				36BE9C741A41AAFF00A1DE6A /* MJPhotoProgressView.h */,
				36BE9C751A41AAFF00A1DE6A /* MJPhotoProgressView.m */,
				36BE9C761A41AAFF00A1DE6A /* MJPhotoToolbar.h */,
				36BE9C771A41AAFF00A1DE6A /* MJPhotoToolbar.m */,
				36BE9C781A41AAFF00A1DE6A /* MJPhotoView.h */,
				36BE9C791A41AAFF00A1DE6A /* MJPhotoView.m */,
			);
			path = MJPhotoBrowser;
			sourceTree = "<group>";
		};
		36BE9C9A1A41C19200A1DE6A /* KLSwitch */ = {
			isa = PBXGroup;
			children = (
				36BE9C9B1A41C19200A1DE6A /* KLSwitch.h */,
				36BE9C9C1A41C19200A1DE6A /* KLSwitch.m */,
				36BE9C9D1A41C19200A1DE6A /* Resources */,
			);
			path = KLSwitch;
			sourceTree = "<group>";
		};
		36BE9C9D1A41C19200A1DE6A /* Resources */ = {
			isa = PBXGroup;
			children = (
				36BE9C9E1A41C19200A1DE6A /* lock-icon.png */,
				36BE9C9F1A41C19200A1DE6A /* lock-icon@2x.png */,
			);
			path = Resources;
			sourceTree = "<group>";
		};
		36BE9CAA1A42700A00A1DE6A /* spotlib */ = {
			isa = PBXGroup;
			children = (
				36BE9CAB1A42700A00A1DE6A /* include */,
				36BE9CAF1A42700A00A1DE6A /* youmispot.a */,
			);
			path = spotlib;
			sourceTree = "<group>";
		};
		36BE9CAB1A42700A00A1DE6A /* include */ = {
			isa = PBXGroup;
			children = (
				36BE9CAC1A42700A00A1DE6A /* ConfigHeader.h */,
				36BE9CAD1A42700A00A1DE6A /* symbols_spotconfuse.h */,
				36BE9CAE1A42700A00A1DE6A /* YouMiNewSpot.h */,
			);
			path = include;
			sourceTree = "<group>";
		};
		36BE9CB51A42893D00A1DE6A /* SYSSPasteboardView */ = {
			isa = PBXGroup;
			children = (
				36BE9CB61A42893D00A1DE6A /* SYSSPasteboardView.h */,
				36BE9CB71A42893D00A1DE6A /* SYSSPasteboardView.m */,
			);
			path = SYSSPasteboardView;
			sourceTree = "<group>";
		};
		36BE9CB91A429E6600A1DE6A /* tabbar */ = {
			isa = PBXGroup;
			children = (
				36BE9CC61A42A3B600A1DE6A /* tabbar_picture_up.png */,
				36BE9CC71A42A3B600A1DE6A /* tabbar_picture_up@2x.png */,
				36BE9CC81A42A3B600A1DE6A /* tabbar_picture_up@3x.png */,
				36BE9CC91A42A3B600A1DE6A /* tabbar_picture.png */,
				36BE9CCA1A42A3B600A1DE6A /* tabbar_picture@2x.png */,
				36BE9CCB1A42A3B600A1DE6A /* tabbar_picture@3x.png */,
				36BE9CCC1A42A3B600A1DE6A /* tabbar_text_up.png */,
				36BE9CCD1A42A3B600A1DE6A /* tabbar_text_up@2x.png */,
				36BE9CCE1A42A3B600A1DE6A /* tabbar_text_up@3x.png */,
				36BE9CCF1A42A3B600A1DE6A /* tabbar_text.png */,
				36BE9CD01A42A3B600A1DE6A /* tabbar_text@2x.png */,
				36BE9CD11A42A3B600A1DE6A /* tabbar_text@3x.png */,
				36BE9CBE1A429EDC00A1DE6A /* tabbar_setting_up.png */,
				36BE9CBF1A429EDC00A1DE6A /* tabbar_setting_up@2x.png */,
				36BE9CBB1A429E6600A1DE6A /* tabbar_setting_up@3x.png */,
				36BE9CC01A429EDC00A1DE6A /* tabbar_setting.png */,
				36BE9CC11A429EDC00A1DE6A /* tabbar_setting@2x.png */,
				36BE9CBA1A429E6600A1DE6A /* tabbar_setting@3x.png */,
			);
			path = tabbar;
			sourceTree = "<group>";
		};
		36C3D4161A3EE8460031978B /* Resources */ = {
			isa = PBXGroup;
			children = (
				365B61D11A5CB8EB004F98B6 /* ad */,
				36BE9CA51A42654200A1DE6A /* _night */,
				36C3D41B1A3F17350031978B /* all */,
				36BE9CB91A429E6600A1DE6A /* tabbar */,
			);
			path = Resources;
			sourceTree = "<group>";
		};
		36C3D4171A3EE8640031978B /* Cell */ = {
			isa = PBXGroup;
			children = (
				36C3D4181A3EE87E0031978B /* DQTextJokesCell.h */,
				36C3D4191A3EE87E0031978B /* DQTextJokesCell.m */,
			);
			path = Cell;
			sourceTree = "<group>";
		};
		36C3D41B1A3F17350031978B /* all */ = {
			isa = PBXGroup;
			children = (
				36520DAD1A4028D900E3F95F /* all_kuang_up.png */,
				36520DAE1A4028D900E3F95F /* all_kuang_up@2x.png */,
				36520DAF1A4028D900E3F95F /* all_kuang.png */,
				36520DB01A4028D900E3F95F /* all_kuang@2x.png */,
				36520DAB1A400D1F00E3F95F /* all_bottom_bg.png */,
				36C3D4261A3FC8C10031978B /* all_bottom_bg@2x.png */,
				36BE9CA71A4266C900A1DE6A /* all_top_bg.png */,
				36C3D4271A3FC8C10031978B /* all_top_bg@2x.png */,
				36C3D41C1A3F17350031978B /* all_lineone.png */,
				36C3D41D1A3F17350031978B /* all_lineone@2x.png */,
			);
			path = all;
			sourceTree = "<group>";
		};
		36C3D4201A3F17920031978B /* UIView */ = {
			isa = PBXGroup;
			children = (
				36C3D4211A3F17A10031978B /* UIView+DQ.h */,
				36C3D4221A3F17A10031978B /* UIView+DQ.m */,
			);
			path = UIView;
			sourceTree = "<group>";
		};
		36CB43CF1A39EFAC00960DB4 = {
			isa = PBXGroup;
			children = (
				36CB43DA1A39EFAC00960DB4 /* DouQu */,
				36CB43D91A39EFAC00960DB4 /* Products */,
				1D3A047EBA87C84B277D3CDD /* Pods */,
				8199BFE57E2239F1DCB8705A /* Frameworks */,
			);
			sourceTree = "<group>";
		};
		36CB43D91A39EFAC00960DB4 /* Products */ = {
			isa = PBXGroup;
			children = (
				36CB43D81A39EFAC00960DB4 /* DouQu.app */,
			);
			name = Products;
			sourceTree = "<group>";
		};
		36CB43DA1A39EFAC00960DB4 /* DouQu */ = {
			isa = PBXGroup;
			children = (
				36C3D4161A3EE8460031978B /* Resources */,
				36CB43DF1A39EFAC00960DB4 /* AppDelegate.h */,
				36CB43E01A39EFAC00960DB4 /* AppDelegate.m */,
				36CB44441A3AC7E700960DB4 /* Base */,
				36CB44011A39F09900960DB4 /* Class */,
				364886441A3DC675001E9A28 /* BaseClasses */,
				36BE9BC31A4178AA00A1DE6A /* Library */,
				36CB43E81A39EFAC00960DB4 /* Images.xcassets */,
				3648864B1A3DCBF1001E9A28 /* Supporting Files */,
			);
			path = DouQu;
			sourceTree = "<group>";
		};
		36CB44011A39F09900960DB4 /* Class */ = {
			isa = PBXGroup;
			children = (
				36520DB51A40518300E3F95F /* Setting */,
				364886401A3DC37D001E9A28 /* Jokes */,
				3648863F1A3DC34D001E9A28 /* Base */,
			);
			path = Class;
			sourceTree = "<group>";
		};
		36CB44441A3AC7E700960DB4 /* Base */ = {
			isa = PBXGroup;
			children = (
				36BE9BA91A41789700A1DE6A /* Library */,
				36CB44451A3AC7E700960DB4 /* Language */,
				36CB44461A3AC7E700960DB4 /* LK */,
				36CB445E1A3AC7E700960DB4 /* Theme */,
				36CB445F1A3AC7E700960DB4 /* Utils */,
				36CB44641A3AC7E700960DB4 /* ViewController */,
			);
			path = Base;
			sourceTree = "<group>";
		};
		36CB44451A3AC7E700960DB4 /* Language */ = {
			isa = PBXGroup;
			children = (
				3671BD2B1A3D412A00033D54 /* LKLanguageManager.h */,
				3671BD2C1A3D412A00033D54 /* LKLanguageManager.m */,
			);
			path = Language;
			sourceTree = "<group>";
		};
		36CB44461A3AC7E700960DB4 /* LK */ = {
			isa = PBXGroup;
			children = (
				36CB44471A3AC7E700960DB4 /* LKTools.h */,
				36CB44481A3AC7E700960DB4 /* NSData+LK.h */,
				36CB44491A3AC7E700960DB4 /* NSData+LK.m */,
				36CB444A1A3AC7E700960DB4 /* NSFileManager+LK.h */,
				36CB444B1A3AC7E700960DB4 /* NSFileManager+LK.m */,
				36CB444C1A3AC7E700960DB4 /* NSObject+LK.h */,
				36CB444D1A3AC7E700960DB4 /* NSObject+LK.m */,
				36CB444E1A3AC7E700960DB4 /* NSString+LK.h */,
				36CB444F1A3AC7E700960DB4 /* NSString+LK.m */,
				36CB44521A3AC7E700960DB4 /* UIButton+LK.h */,
				36CB44531A3AC7E700960DB4 /* UIButton+LK.m */,
				36CB44541A3AC7E700960DB4 /* UIImage+LK.h */,
				36CB44551A3AC7E700960DB4 /* UIImage+LK.m */,
				36CB44561A3AC7E700960DB4 /* UIImageView+LK.h */,
				36CB44571A3AC7E700960DB4 /* UIImageView+LK.m */,
				36CB44581A3AC7E700960DB4 /* UIView+LK.h */,
				36CB44591A3AC7E700960DB4 /* UIView+LK.m */,
				36CB445A1A3AC7E700960DB4 /* UIViewController+LK.h */,
				36CB445B1A3AC7E700960DB4 /* UIViewController+LK.m */,
				36CB445C1A3AC7E700960DB4 /* UIWindow+LK.h */,
				36CB445D1A3AC7E700960DB4 /* UIWindow+LK.m */,
				36CB447C1A3ADCFD00960DB4 /* UIView+Toast_LK.h */,
				36CB447D1A3ADCFD00960DB4 /* UIView+Toast_LK.m */,
				3671BD371A3D7E8200033D54 /* UIColor+LK.h */,
				3671BD381A3D7E8200033D54 /* UIColor+LK.m */,
				36B58FC51A4E797500C9B538 /* NSURL+LK.h */,
				36B58FC61A4E797500C9B538 /* NSURL+LK.m */,
			);
			path = LK;
			sourceTree = "<group>";
		};
		36CB445E1A3AC7E700960DB4 /* Theme */ = {
			isa = PBXGroup;
			children = (
				363865E31A40700D005972F0 /* LKThemeInfo.json */,
				3671BD311A3D7D8600033D54 /* LKThemeManager.h */,
				3671BD321A3D7D8600033D54 /* LKThemeManager.m */,
				363865E01A405A19005972F0 /* UIImage+LKTheme.h */,
				363865E11A405A19005972F0 /* UIImage+LKTheme.m */,
				363865E51A411544005972F0 /* UIView+LKTheme.h */,
				363865E61A411544005972F0 /* UIView+LKTheme.m */,
				363865EB1A411A4B005972F0 /* NSObject+LKTheme.h */,
				363865EC1A411A4B005972F0 /* NSObject+LKTheme.m */,
			);
			path = Theme;
			sourceTree = "<group>";
		};
		36CB445F1A3AC7E700960DB4 /* Utils */ = {
			isa = PBXGroup;
			children = (
				36C3D4121A3EB1D40031978B /* YYJSONHelper.h */,
				36C3D4131A3EB1D40031978B /* YYJSONHelper.m */,
				3671BD2E1A3D4A0F00033D54 /* LKSafeCategory.h */,
				3671BD2F1A3D4A0F00033D54 /* LKSafeCategory.m */,
				3671BD281A3D404D00033D54 /* LKWeakArray.h */,
				3671BD291A3D404D00033D54 /* LKWeakArray.m */,
				36CB44601A3AC7E700960DB4 /* OpenUDID.h */,
				36CB44611A3AC7E700960DB4 /* OpenUDID.m */,
				36CB44621A3AC7E700960DB4 /* UIDevice-Hardware.h */,
				36CB44631A3AC7E700960DB4 /* UIDevice-Hardware.m */,
			);
			path = Utils;
			sourceTree = "<group>";
		};
		36CB44641A3AC7E700960DB4 /* ViewController */ = {
			isa = PBXGroup;
			children = (
				36CB44651A3AC7E700960DB4 /* LKBaseNavigationController.h */,
				36CB44661A3AC7E700960DB4 /* LKBaseNavigationController.m */,
				36CB44691A3AC7E700960DB4 /* LKBaseViewController.h */,
				36CB446A1A3AC7E700960DB4 /* LKBaseViewController.m */,
			);
			path = ViewController;
			sourceTree = "<group>";
		};
		8199BFE57E2239F1DCB8705A /* Frameworks */ = {
			isa = PBXGroup;
			children = (
				36BE9CA31A41ED1800A1DE6A /* SystemConfiguration.framework */,
				2B19B0A969F0E8282F99E45B /* libPods.a */,
			);
			name = Frameworks;
			sourceTree = "<group>";
		};
/* End PBXGroup section */

/* Begin PBXNativeTarget section */
		36CB43D71A39EFAC00960DB4 /* DouQu */ = {
			isa = PBXNativeTarget;
			buildConfigurationList = 36CB43FB1A39EFAD00960DB4 /* Build configuration list for PBXNativeTarget "DouQu" */;
			buildPhases = (
				CBA18DECB74F5CE7B9419275 /* Check Pods Manifest.lock */,
				36CB43D41A39EFAC00960DB4 /* Sources */,
				36CB43D51A39EFAC00960DB4 /* Frameworks */,
				36CB43D61A39EFAC00960DB4 /* Resources */,
				3428205E205778DFF3206DD7 /* Copy Pods Resources */,
			);
			buildRules = (
			);
			dependencies = (
			);
			name = DouQu;
			productName = DouQu;
			productReference = 36CB43D81A39EFAC00960DB4 /* DouQu.app */;
			productType = "com.apple.product-type.application";
		};
/* End PBXNativeTarget section */

/* Begin PBXProject section */
		36CB43D01A39EFAC00960DB4 /* Project object */ = {
			isa = PBXProject;
			attributes = {
				LastUpgradeCheck = 0610;
				ORGANIZATIONNAME = "Jianghuai Li";
				TargetAttributes = {
					36CB43D71A39EFAC00960DB4 = {
						CreatedOnToolsVersion = 6.1;
						DevelopmentTeam = 5B7Y4EXP24;
					};
				};
			};
			buildConfigurationList = 36CB43D31A39EFAC00960DB4 /* Build configuration list for PBXProject "DouQu" */;
			compatibilityVersion = "Xcode 3.2";
			developmentRegion = English;
			hasScannedForEncodings = 0;
			knownRegions = (
				en,
				Base,
				de,
				es,
				ja,
				ko,
				pl,
				"zh-Hans",
				"zh-Hant",
			);
			mainGroup = 36CB43CF1A39EFAC00960DB4;
			productRefGroup = 36CB43D91A39EFAC00960DB4 /* Products */;
			projectDirPath = "";
			projectRoot = "";
			targets = (
				36CB43D71A39EFAC00960DB4 /* DouQu */,
			);
		};
/* End PBXProject section */

/* Begin PBXResourcesBuildPhase section */
		36CB43D61A39EFAC00960DB4 /* Resources */ = {
			isa = PBXResourcesBuildPhase;
			buildActionMask = 2147483647;
			files = (
				36C3D41E1A3F17350031978B /* all_lineone.png in Resources */,
				36BE9C871A41AAFF00A1DE6A /* MJPhotoBrowser.bundle in Resources */,
				36BE9CBC1A429E6600A1DE6A /* tabbar_setting@3x.png in Resources */,
				36520DAC1A400D1F00E3F95F /* all_bottom_bg.png in Resources */,
				36BE9CD31A42A3B600A1DE6A /* tabbar_picture_up@2x.png in Resources */,
				36BE9CDB1A42A3B600A1DE6A /* tabbar_text.png in Resources */,
				36BE9BD61A4178AA00A1DE6A /* TOWebViewControllerLocalizable.strings in Resources */,
				36BE9CDC1A42A3B600A1DE6A /* tabbar_text@2x.png in Resources */,
				36BE9CC31A429EDC00A1DE6A /* tabbar_setting_up@2x.png in Resources */,
				36520DB21A4028D900E3F95F /* all_kuang_up@2x.png in Resources */,
				36BE9CDD1A42A3B600A1DE6A /* tabbar_text@3x.png in Resources */,
				36BE9CB31A42863500A1DE6A /* jokes_cache_1.json in Resources */,
				36BE9CC41A429EDC00A1DE6A /* tabbar_setting.png in Resources */,
				36520DB31A4028D900E3F95F /* all_kuang.png in Resources */,
				36BE9CB41A42863500A1DE6A /* jokes_cache_2.json in Resources */,
				36BE9CBD1A429E6600A1DE6A /* tabbar_setting_up@3x.png in Resources */,
				36CB43E91A39EFAC00960DB4 /* Images.xcassets in Resources */,
				363865E41A40700D005972F0 /* LKThemeInfo.json in Resources */,
				36BE9CD41A42A3B600A1DE6A /* tabbar_picture_up@3x.png in Resources */,
				364886501A3DCC0F001E9A28 /* channel.txt in Resources */,
				365B61F21A5CCA88004F98B6 /* SSKeychain.strings in Resources */,
				36BE9CD21A42A3B600A1DE6A /* tabbar_picture_up.png in Resources */,
				36BE9CA21A41C19200A1DE6A /* lock-icon@2x.png in Resources */,
				36520DB11A4028D900E3F95F /* all_kuang_up.png in Resources */,
				36BE9CA61A42654200A1DE6A /* _night in Resources */,
				36C3D41F1A3F17350031978B /* all_lineone@2x.png in Resources */,
				365B61D31A5CB8F6004F98B6 /* ad_image_640_164.jpg in Resources */,
				36C3D4281A3FC8C10031978B /* all_bottom_bg@2x.png in Resources */,
				36BE9CDA1A42A3B600A1DE6A /* tabbar_text_up@3x.png in Resources */,
				36BE9CD91A42A3B600A1DE6A /* tabbar_text_up@2x.png in Resources */,
				36BE9CD71A42A3B600A1DE6A /* tabbar_picture@3x.png in Resources */,
				36BE9CA81A4266C900A1DE6A /* all_top_bg.png in Resources */,
				36BE9CD81A42A3B600A1DE6A /* tabbar_text_up.png in Resources */,
				36BE9CD51A42A3B600A1DE6A /* tabbar_picture.png in Resources */,
				36BE9CD61A42A3B600A1DE6A /* tabbar_picture@2x.png in Resources */,
				36C3D4291A3FC8C10031978B /* all_top_bg@2x.png in Resources */,
				36BE9CC21A429EDC00A1DE6A /* tabbar_setting_up.png in Resources */,
				36BE9CC51A429EDC00A1DE6A /* tabbar_setting@2x.png in Resources */,
				36520DB41A4028D900E3F95F /* all_kuang@2x.png in Resources */,
				36BE9CA11A41C19200A1DE6A /* lock-icon.png in Resources */,
			);
			runOnlyForDeploymentPostprocessing = 0;
		};
/* End PBXResourcesBuildPhase section */

/* Begin PBXShellScriptBuildPhase section */
		3428205E205778DFF3206DD7 /* Copy Pods Resources */ = {
			isa = PBXShellScriptBuildPhase;
			buildActionMask = 2147483647;
			files = (
			);
			inputPaths = (
			);
			name = "Copy Pods Resources";
			outputPaths = (
			);
			runOnlyForDeploymentPostprocessing = 0;
			shellPath = /bin/sh;
			shellScript = "\"${SRCROOT}/Pods/Target Support Files/Pods/Pods-resources.sh\"\n";
			showEnvVarsInLog = 0;
		};
		CBA18DECB74F5CE7B9419275 /* Check Pods Manifest.lock */ = {
			isa = PBXShellScriptBuildPhase;
			buildActionMask = 2147483647;
			files = (
			);
			inputPaths = (
			);
			name = "Check Pods Manifest.lock";
			outputPaths = (
			);
			runOnlyForDeploymentPostprocessing = 0;
			shellPath = /bin/sh;
			shellScript = "diff \"${PODS_ROOT}/../Podfile.lock\" \"${PODS_ROOT}/Manifest.lock\" > /dev/null\nif [[ $? != 0 ]] ; then\n    cat << EOM\nerror: The sandbox is not in sync with the Podfile.lock. Run 'pod install' or update your CocoaPods installation.\nEOM\n    exit 1\nfi\n";
			showEnvVarsInLog = 0;
		};
/* End PBXShellScriptBuildPhase section */

/* Begin PBXSourcesBuildPhase section */
		36CB43D41A39EFAC00960DB4 /* Sources */ = {
			isa = PBXSourcesBuildPhase;
			buildActionMask = 2147483647;
			files = (
				364886481A3DCA77001E9A28 /* DQAppInfo.m in Sources */,
				36BE9BD71A4178AA00A1DE6A /* TOActivityChrome.m in Sources */,
				36CB44731A3AC7E700960DB4 /* UIView+LK.m in Sources */,
				36CB43E11A39EFAC00960DB4 /* AppDelegate.m in Sources */,
				364886561A3DD04A001E9A28 /* DQTextJokesVC.m in Sources */,
				36CB446B1A3AC7E700960DB4 /* NSData+LK.m in Sources */,
				36C3D4231A3F17A10031978B /* UIView+DQ.m in Sources */,
				365B61F71A5CCA91004F98B6 /* DQSendDeviceInfo.m in Sources */,
				3671BD2A1A3D404D00033D54 /* LKWeakArray.m in Sources */,
				36CB447A1A3AC7E700960DB4 /* LKBaseViewController.m in Sources */,
				36B58FC71A4E797500C9B538 /* NSURL+LK.m in Sources */,
				36BE9C861A41AAFF00A1DE6A /* MJPhoto.m in Sources */,
				36CB44761A3AC7E700960DB4 /* OpenUDID.m in Sources */,
				36BE9C881A41AAFF00A1DE6A /* MJPhotoBrowser.m in Sources */,
				36BE9BC21A41789700A1DE6A /* UITableView+DragLoad.m in Sources */,
				363865E21A405A19005972F0 /* UIImage+LKTheme.m in Sources */,
				3671BD301A3D4A0F00033D54 /* LKSafeCategory.m in Sources */,
				365B61F41A5CCA88004F98B6 /* SSKeychainQuery.m in Sources */,
				36CB44711A3AC7E700960DB4 /* UIImage+LK.m in Sources */,
				364886521A3DCC0F001E9A28 /* main.m in Sources */,
				36BE9C991A41ABB000A1DE6A /* MBProgressHUD+Add.m in Sources */,
				36CB446D1A3AC7E700960DB4 /* NSObject+LK.m in Sources */,
				3648865F1A3DD3AF001E9A28 /* DQNetworkHelper.m in Sources */,
				36BE9BC01A41789700A1DE6A /* DragTableHeaderView_ot.m in Sources */,
				36BE9BBE1A41789700A1DE6A /* DragTableFooterView_ot.m in Sources */,
				36BE9CA01A41C19200A1DE6A /* KLSwitch.m in Sources */,
				36BE9BC11A41789700A1DE6A /* UIScrollView+DragTableSafeAnimation.m in Sources */,
				36BE9BBD1A41789700A1DE6A /* ComOpenThreadOTScreenshotHelperSwizzleHelper.m in Sources */,
				36BE9CB81A42893D00A1DE6A /* SYSSPasteboardView.m in Sources */,
				36BE9BD91A4178AA00A1DE6A /* TOWebViewController.m in Sources */,
				36520DB81A4051A700E3F95F /* DQSettingVC.m in Sources */,
				36BE9BDA1A4178AA00A1DE6A /* UIImage+TOWebViewControllerIcons.m in Sources */,
				3671BD331A3D7D8600033D54 /* LKThemeManager.m in Sources */,
				365B61F31A5CCA88004F98B6 /* SSKeychain.m in Sources */,
				36BE9C8A1A41AAFF00A1DE6A /* MJPhotoProgressView.m in Sources */,
				36CB44771A3AC7E700960DB4 /* UIDevice-Hardware.m in Sources */,
				36BE9BBF1A41789700A1DE6A /* DragTableGestureObserver_ot.m in Sources */,
				3671BD391A3D7E8200033D54 /* UIColor+LK.m in Sources */,
				3671BD2D1A3D412A00033D54 /* LKLanguageManager.m in Sources */,
				36CB44721A3AC7E700960DB4 /* UIImageView+LK.m in Sources */,
				36CB44701A3AC7E700960DB4 /* UIButton+LK.m in Sources */,
				36CB44781A3AC7E700960DB4 /* LKBaseNavigationController.m in Sources */,
				36C3D4141A3EB1D40031978B /* YYJSONHelper.m in Sources */,
				36BE9C891A41AAFF00A1DE6A /* MJPhotoLoadingView.m in Sources */,
				363865ED1A411A4B005972F0 /* NSObject+LKTheme.m in Sources */,
				36BE9C961A41AB4100A1DE6A /* SDWebImageManager+MJ.m in Sources */,
				36CB446E1A3AC7E700960DB4 /* NSString+LK.m in Sources */,
				36CB446C1A3AC7E700960DB4 /* NSFileManager+LK.m in Sources */,
				36CB447E1A3ADCFD00960DB4 /* UIView+Toast_LK.m in Sources */,
				364886431A3DC50D001E9A28 /* DQTabbarVC.m in Sources */,
				363865E71A411544005972F0 /* UIView+LKTheme.m in Sources */,
				36BE9C8C1A41AAFF00A1DE6A /* MJPhotoView.m in Sources */,
				36BE9C8B1A41AAFF00A1DE6A /* MJPhotoToolbar.m in Sources */,
				36C3D41A1A3EE87E0031978B /* DQTextJokesCell.m in Sources */,
				36CB44741A3AC7E700960DB4 /* UIViewController+LK.m in Sources */,
				36BE9BD81A4178AA00A1DE6A /* TOActivitySafari.m in Sources */,
				36CB44751A3AC7E700960DB4 /* UIWindow+LK.m in Sources */,
				36BE9BBC1A41789700A1DE6A /* NSObject+DragLoadSetup.m in Sources */,
				36BE9BA81A416B6200A1DE6A /* NSString+DQ.m in Sources */,
				364886621A3DDCE1001E9A28 /* DQJokesModel.m in Sources */,
				36BE9C371A41A74300A1DE6A /* MBProgressHUD.m in Sources */,
			);
			runOnlyForDeploymentPostprocessing = 0;
		};
/* End PBXSourcesBuildPhase section */

/* Begin PBXVariantGroup section */
		365B61EC1A5CCA88004F98B6 /* SSKeychain.strings */ = {
			isa = PBXVariantGroup;
			children = (
				365B61ED1A5CCA88004F98B6 /* en */,
			);
			name = SSKeychain.strings;
			sourceTree = "<group>";
		};
		36BE9BC51A4178AA00A1DE6A /* TOWebViewControllerLocalizable.strings */ = {
			isa = PBXVariantGroup;
			children = (
				36BE9BC61A4178AA00A1DE6A /* de */,
				36BE9BC71A4178AA00A1DE6A /* en */,
				36BE9BC81A4178AA00A1DE6A /* es */,
				36BE9BC91A4178AA00A1DE6A /* ja */,
				36BE9BCA1A4178AA00A1DE6A /* ko */,
				36BE9BCB1A4178AA00A1DE6A /* pl */,
				36BE9BD41A4178AA00A1DE6A /* zh-Hans */,
				36BE9BD51A4178AA00A1DE6A /* zh-Hant */,
			);
			name = TOWebViewControllerLocalizable.strings;
			sourceTree = "<group>";
		};
/* End PBXVariantGroup section */

/* Begin XCBuildConfiguration section */
		36CB43F91A39EFAD00960DB4 /* Debug */ = {
			isa = XCBuildConfiguration;
			buildSettings = {
				ALWAYS_SEARCH_USER_PATHS = NO;
				CLANG_CXX_LANGUAGE_STANDARD = "gnu++0x";
				CLANG_CXX_LIBRARY = "libc++";
				CLANG_ENABLE_MODULES = YES;
				CLANG_ENABLE_OBJC_ARC = YES;
				CLANG_WARN_BOOL_CONVERSION = YES;
				CLANG_WARN_CONSTANT_CONVERSION = YES;
				CLANG_WARN_DIRECT_OBJC_ISA_USAGE = YES_ERROR;
				CLANG_WARN_EMPTY_BODY = YES;
				CLANG_WARN_ENUM_CONVERSION = YES;
				CLANG_WARN_INT_CONVERSION = YES;
				CLANG_WARN_OBJC_ROOT_CLASS = YES_ERROR;
				CLANG_WARN_UNREACHABLE_CODE = YES;
				CLANG_WARN__DUPLICATE_METHOD_MATCH = YES;
				"CODE_SIGN_IDENTITY[sdk=iphoneos*]" = "iPhone Developer";
				COPY_PHASE_STRIP = NO;
				ENABLE_STRICT_OBJC_MSGSEND = YES;
				GCC_C_LANGUAGE_STANDARD = gnu99;
				GCC_DYNAMIC_NO_PIC = NO;
				GCC_OPTIMIZATION_LEVEL = 0;
				GCC_PREPROCESSOR_DEFINITIONS = (
					"DEBUG=1",
					"$(inherited)",
				);
				GCC_SYMBOLS_PRIVATE_EXTERN = NO;
				GCC_WARN_64_TO_32_BIT_CONVERSION = YES;
				GCC_WARN_ABOUT_RETURN_TYPE = YES_ERROR;
				GCC_WARN_UNDECLARED_SELECTOR = YES;
				GCC_WARN_UNINITIALIZED_AUTOS = YES_AGGRESSIVE;
				GCC_WARN_UNUSED_FUNCTION = YES;
				GCC_WARN_UNUSED_VARIABLE = YES;
				IPHONEOS_DEPLOYMENT_TARGET = 5.1.1;
				MTL_ENABLE_DEBUG_INFO = YES;
				ONLY_ACTIVE_ARCH = YES;
				SDKROOT = iphoneos;
			};
			name = Debug;
		};
		36CB43FA1A39EFAD00960DB4 /* Release */ = {
			isa = XCBuildConfiguration;
			buildSettings = {
				ALWAYS_SEARCH_USER_PATHS = NO;
				CLANG_CXX_LANGUAGE_STANDARD = "gnu++0x";
				CLANG_CXX_LIBRARY = "libc++";
				CLANG_ENABLE_MODULES = YES;
				CLANG_ENABLE_OBJC_ARC = YES;
				CLANG_WARN_BOOL_CONVERSION = YES;
				CLANG_WARN_CONSTANT_CONVERSION = YES;
				CLANG_WARN_DIRECT_OBJC_ISA_USAGE = YES_ERROR;
				CLANG_WARN_EMPTY_BODY = YES;
				CLANG_WARN_ENUM_CONVERSION = YES;
				CLANG_WARN_INT_CONVERSION = YES;
				CLANG_WARN_OBJC_ROOT_CLASS = YES_ERROR;
				CLANG_WARN_UNREACHABLE_CODE = YES;
				CLANG_WARN__DUPLICATE_METHOD_MATCH = YES;
				"CODE_SIGN_IDENTITY[sdk=iphoneos*]" = "iPhone Developer";
				COPY_PHASE_STRIP = YES;
				ENABLE_NS_ASSERTIONS = NO;
				ENABLE_STRICT_OBJC_MSGSEND = YES;
				GCC_C_LANGUAGE_STANDARD = gnu99;
				GCC_WARN_64_TO_32_BIT_CONVERSION = YES;
				GCC_WARN_ABOUT_RETURN_TYPE = YES_ERROR;
				GCC_WARN_UNDECLARED_SELECTOR = YES;
				GCC_WARN_UNINITIALIZED_AUTOS = YES_AGGRESSIVE;
				GCC_WARN_UNUSED_FUNCTION = YES;
				GCC_WARN_UNUSED_VARIABLE = YES;
				IPHONEOS_DEPLOYMENT_TARGET = 5.1.1;
				MTL_ENABLE_DEBUG_INFO = NO;
				SDKROOT = iphoneos;
				VALIDATE_PRODUCT = YES;
			};
			name = Release;
		};
		36CB43FC1A39EFAD00960DB4 /* Debug */ = {
			isa = XCBuildConfiguration;
			baseConfigurationReference = 9F9E8FD6BC6DC2BE1F3DE940 /* Pods.debug.xcconfig */;
			buildSettings = {
				ASSETCATALOG_COMPILER_APPICON_NAME = AppIcon;
				ASSETCATALOG_COMPILER_LAUNCHIMAGE_NAME = LaunchImage;
				CODE_SIGN_IDENTITY = "iPhone Developer";
				GCC_INCREASE_PRECOMPILED_HEADER_SHARING = NO;
				GCC_PRECOMPILE_PREFIX_HEADER = YES;
				GCC_PREFIX_HEADER = "DouQu/Supporting Files/DouQu-Prefix.pch";
				INFOPLIST_FILE = "$(SRCROOT)/DouQu/Supporting Files/Info.plist";
				LD_RUNPATH_SEARCH_PATHS = "$(inherited) @executable_path/Frameworks";
				LIBRARY_SEARCH_PATHS = (
					"$(inherited)",
					"$(PROJECT_DIR)/DouQu/Library/spotlib",
				);
				PRODUCT_NAME = "$(TARGET_NAME)";
				PROVISIONING_PROFILE = "5a1393cb-6734-4bf0-bdf9-1b2efda5e0be";
			};
			name = Debug;
		};
		36CB43FD1A39EFAD00960DB4 /* Release */ = {
			isa = XCBuildConfiguration;
			baseConfigurationReference = 8AE91DBFEA3EDF059E33C3C8 /* Pods.release.xcconfig */;
			buildSettings = {
				ASSETCATALOG_COMPILER_APPICON_NAME = AppIcon;
				ASSETCATALOG_COMPILER_LAUNCHIMAGE_NAME = LaunchImage;
				CODE_SIGN_IDENTITY = "iPhone Distribution: Jianghuai Li (5B7Y4EXP24)";
				GCC_INCREASE_PRECOMPILED_HEADER_SHARING = NO;
				GCC_PRECOMPILE_PREFIX_HEADER = YES;
				GCC_PREFIX_HEADER = "DouQu/Supporting Files/DouQu-Prefix.pch";
				INFOPLIST_FILE = "$(SRCROOT)/DouQu/Supporting Files/Info.plist";
				LD_RUNPATH_SEARCH_PATHS = "$(inherited) @executable_path/Frameworks";
				LIBRARY_SEARCH_PATHS = (
					"$(inherited)",
					"$(PROJECT_DIR)/DouQu/Library/spotlib",
				);
				PRODUCT_NAME = "$(TARGET_NAME)";
				PROVISIONING_PROFILE = "0f2fcf33-0a8e-4288-bc25-2634218f608f";
			};
			name = Release;
		};
/* End XCBuildConfiguration section */

/* Begin XCConfigurationList section */
		36CB43D31A39EFAC00960DB4 /* Build configuration list for PBXProject "DouQu" */ = {
			isa = XCConfigurationList;
			buildConfigurations = (
				36CB43F91A39EFAD00960DB4 /* Debug */,
				36CB43FA1A39EFAD00960DB4 /* Release */,
			);
			defaultConfigurationIsVisible = 0;
			defaultConfigurationName = Release;
		};
		36CB43FB1A39EFAD00960DB4 /* Build configuration list for PBXNativeTarget "DouQu" */ = {
			isa = XCConfigurationList;
			buildConfigurations = (
				36CB43FC1A39EFAD00960DB4 /* Debug */,
				36CB43FD1A39EFAD00960DB4 /* Release */,
			);
			defaultConfigurationIsVisible = 0;
			defaultConfigurationName = Release;
		};
/* End XCConfigurationList section */
	};
	rootObject = 36CB43D01A39EFAC00960DB4 /* Project object */;
}
